// !$*UTF8*$!
{
	archiveVersion = 1;
	classes = {
	};
	objectVersion = 42;
	objects = {

/* Begin PBXBuildFile section */
		8D15AC2C0486D014006FF6A4 /* Credits.rtf in Resources */ = {isa = PBXBuildFile; fileRef = 2A37F4B9FDCFA73011CA2CEA /* Credits.rtf */; };
		8D15AC2D0486D014006FF6A4 /* MainMenu.nib in Resources */ = {isa = PBXBuildFile; fileRef = 2A37F4B6FDCFA73011CA2CEA /* MainMenu.nib */; };
		8D15AC2F0486D014006FF6A4 /* InfoPlist.strings in Resources */ = {isa = PBXBuildFile; fileRef = 089C165FFE840EACC02AAC07 /* InfoPlist.strings */; };
		8D15AC310486D014006FF6A4 /* CSLDocument.m in Sources */ = {isa = PBXBuildFile; fileRef = 2A37F4ACFDCFA73011CA2CEA /* CSLDocument.m */; settings = {ATTRIBUTES = (); }; };
		8D15AC320486D014006FF6A4 /* main.m in Sources */ = {isa = PBXBuildFile; fileRef = 2A37F4B0FDCFA73011CA2CEA /* main.m */; settings = {ATTRIBUTES = (); }; };
		8D15AC340486D014006FF6A4 /* Cocoa.framework in Frameworks */ = {isa = PBXBuildFile; fileRef = 1058C7A7FEA54F5311CA2CBB /* Cocoa.framework */; };
		C799F5E708F6E91200E984B2 /* CSLDocument.nib in Resources */ = {isa = PBXBuildFile; fileRef = C799F5E508F6E91200E984B2 /* CSLDocument.nib */; };
		C799F5F608F70ECD00E984B2 /* CSLWindowController.m in Sources */ = {isa = PBXBuildFile; fileRef = C799F5F508F70ECD00E984B2 /* CSLWindowController.m */; };
		C799F80108F7D35400E984B2 /* CSLInfoXMLModel.m in Sources */ = {isa = PBXBuildFile; fileRef = C799F80008F7D35400E984B2 /* CSLInfoXMLModel.m */; };
		C799F93808F8843500E984B2 /* CSLBibliographyXMLModel.m in Sources */ = {isa = PBXBuildFile; fileRef = C799F93708F8843500E984B2 /* CSLBibliographyXMLModel.m */; };
		C799F97708FA79BB00E984B2 /* CSLCiteEntryXMLModel.m in Sources */ = {isa = PBXBuildFile; fileRef = C799F97608FA79BB00E984B2 /* CSLCiteEntryXMLModel.m */; };
		C799F9DE08FA991300E984B2 /* CSLReftypeXMLModel.m in Sources */ = {isa = PBXBuildFile; fileRef = C799F9DD08FA991300E984B2 /* CSLReftypeXMLModel.m */; };
/* End PBXBuildFile section */

/* Begin PBXFileReference section */
		089C1660FE840EACC02AAC07 /* English */ = {isa = PBXFileReference; fileEncoding = 10; lastKnownFileType = text.plist.strings; name = English; path = English.lproj/InfoPlist.strings; sourceTree = "<group>"; };
		1058C7A7FEA54F5311CA2CBB /* Cocoa.framework */ = {isa = PBXFileReference; lastKnownFileType = wrapper.framework; name = Cocoa.framework; path = /System/Library/Frameworks/Cocoa.framework; sourceTree = "<absolute>"; };
		13E42FBA07B3F13500E4EEF1 /* CoreData.framework */ = {isa = PBXFileReference; lastKnownFileType = wrapper.framework; name = CoreData.framework; path = /System/Library/Frameworks/CoreData.framework; sourceTree = "<absolute>"; };
		2A37F4ACFDCFA73011CA2CEA /* CSLDocument.m */ = {isa = PBXFileReference; fileEncoding = 4; lastKnownFileType = sourcecode.c.objc; path = CSLDocument.m; sourceTree = "<group>"; };
		2A37F4AEFDCFA73011CA2CEA /* CSLDocument.h */ = {isa = PBXFileReference; fileEncoding = 4; lastKnownFileType = sourcecode.c.h; path = CSLDocument.h; sourceTree = "<group>"; };
		2A37F4B0FDCFA73011CA2CEA /* main.m */ = {isa = PBXFileReference; fileEncoding = 4; lastKnownFileType = sourcecode.c.objc; path = main.m; sourceTree = "<group>"; };
		2A37F4B7FDCFA73011CA2CEA /* English */ = {isa = PBXFileReference; lastKnownFileType = wrapper.nib; name = English; path = English.lproj/MainMenu.nib; sourceTree = "<group>"; };
		2A37F4BAFDCFA73011CA2CEA /* English */ = {isa = PBXFileReference; lastKnownFileType = text.rtf; name = English; path = English.lproj/Credits.rtf; sourceTree = "<group>"; };
		2A37F4C4FDCFA73011CA2CEA /* AppKit.framework */ = {isa = PBXFileReference; lastKnownFileType = wrapper.framework; name = AppKit.framework; path = /System/Library/Frameworks/AppKit.framework; sourceTree = "<absolute>"; };
		2A37F4C5FDCFA73011CA2CEA /* Foundation.framework */ = {isa = PBXFileReference; lastKnownFileType = wrapper.framework; name = Foundation.framework; path = /System/Library/Frameworks/Foundation.framework; sourceTree = "<absolute>"; };
		32DBCF750370BD2300C91783 /* CSL Editor_Prefix.pch */ = {isa = PBXFileReference; fileEncoding = 4; lastKnownFileType = sourcecode.c.h; path = "CSL Editor_Prefix.pch"; sourceTree = "<group>"; };
		8D15AC360486D014006FF6A4 /* Info.plist */ = {isa = PBXFileReference; fileEncoding = 4; lastKnownFileType = text.plist; path = Info.plist; sourceTree = "<group>"; };
		8D15AC370486D014006FF6A4 /* CSL Editor.app */ = {isa = PBXFileReference; explicitFileType = wrapper.application; includeInIndex = 0; path = "CSL Editor.app"; sourceTree = BUILT_PRODUCTS_DIR; };
		C799F5E608F6E91200E984B2 /* English */ = {isa = PBXFileReference; lastKnownFileType = wrapper.nib; name = English; path = English.lproj/CSLDocument.nib; sourceTree = "<group>"; };
		C799F5F108F70EB100E984B2 /* AccessorMacros.h */ = {isa = PBXFileReference; fileEncoding = 30; lastKnownFileType = sourcecode.c.h; path = AccessorMacros.h; sourceTree = "<group>"; };
		C799F5F408F70ECD00E984B2 /* CSLWindowController.h */ = {isa = PBXFileReference; fileEncoding = 4; lastKnownFileType = sourcecode.c.h; path = CSLWindowController.h; sourceTree = "<group>"; };
		C799F5F508F70ECD00E984B2 /* CSLWindowController.m */ = {isa = PBXFileReference; fileEncoding = 4; lastKnownFileType = sourcecode.c.objc; path = CSLWindowController.m; sourceTree = "<group>"; };
		C799F69D08F717D600E984B2 /* Info.tiff */ = {isa = PBXFileReference; lastKnownFileType = image.tiff; path = Info.tiff; sourceTree = "<group>"; };
		C799F6B408F718A200E984B2 /* Bibliography.tiff */ = {isa = PBXFileReference; lastKnownFileType = image.tiff; path = Bibliography.tiff; sourceTree = "<group>"; };
		C799F6B508F718A200E984B2 /* Citation.tiff */ = {isa = PBXFileReference; lastKnownFileType = image.tiff; path = Citation.tiff; sourceTree = "<group>"; };
		C799F6B608F718A200E984B2 /* Content.tiff */ = {isa = PBXFileReference; lastKnownFileType = image.tiff; path = Content.tiff; sourceTree = "<group>"; };
		C799F7FF08F7D35400E984B2 /* CSLInfoXMLModel.h */ = {isa = PBXFileReference; fileEncoding = 4; lastKnownFileType = sourcecode.c.h; path = CSLInfoXMLModel.h; sourceTree = "<group>"; };
		C799F80008F7D35400E984B2 /* CSLInfoXMLModel.m */ = {isa = PBXFileReference; fileEncoding = 4; lastKnownFileType = sourcecode.c.objc; path = CSLInfoXMLModel.m; sourceTree = "<group>"; };
		C799F93608F8843500E984B2 /* CSLBibliographyXMLModel.h */ = {isa = PBXFileReference; fileEncoding = 4; lastKnownFileType = sourcecode.c.h; path = CSLBibliographyXMLModel.h; sourceTree = "<group>"; };
		C799F93708F8843500E984B2 /* CSLBibliographyXMLModel.m */ = {isa = PBXFileReference; fileEncoding = 4; lastKnownFileType = sourcecode.c.objc; path = CSLBibliographyXMLModel.m; sourceTree = "<group>"; };
		C799F97508FA79BB00E984B2 /* CSLCiteEntryXMLModel.h */ = {isa = PBXFileReference; fileEncoding = 4; lastKnownFileType = sourcecode.c.h; path = CSLCiteEntryXMLModel.h; sourceTree = "<group>"; };
		C799F97608FA79BB00E984B2 /* CSLCiteEntryXMLModel.m */ = {isa = PBXFileReference; fileEncoding = 4; lastKnownFileType = sourcecode.c.objc; path = CSLCiteEntryXMLModel.m; sourceTree = "<group>"; };
		C799F9DC08FA991300E984B2 /* CSLReftypeXMLModel.h */ = {isa = PBXFileReference; fileEncoding = 4; lastKnownFileType = sourcecode.c.h; path = CSLReftypeXMLModel.h; sourceTree = "<group>"; };
		C799F9DD08FA991300E984B2 /* CSLReftypeXMLModel.m */ = {isa = PBXFileReference; fileEncoding = 4; lastKnownFileType = sourcecode.c.objc; path = CSLReftypeXMLModel.m; sourceTree = "<group>"; };
/* End PBXFileReference section */

/* Begin PBXFrameworksBuildPhase section */
		8D15AC330486D014006FF6A4 /* Frameworks */ = {
			isa = PBXFrameworksBuildPhase;
			buildActionMask = 2147483647;
			files = (
				8D15AC340486D014006FF6A4 /* Cocoa.framework in Frameworks */,
			);
			runOnlyForDeploymentPostprocessing = 0;
		};
/* End PBXFrameworksBuildPhase section */

/* Begin PBXGroup section */
		1058C7A6FEA54F5311CA2CBB /* Linked Frameworks */ = {
			isa = PBXGroup;
			children = (
				1058C7A7FEA54F5311CA2CBB /* Cocoa.framework */,
			);
			name = "Linked Frameworks";
			sourceTree = "<group>";
		};
		1058C7A8FEA54F5311CA2CBB /* Other Frameworks */ = {
			isa = PBXGroup;
			children = (
				2A37F4C4FDCFA73011CA2CEA /* AppKit.framework */,
				13E42FBA07B3F13500E4EEF1 /* CoreData.framework */,
				2A37F4C5FDCFA73011CA2CEA /* Foundation.framework */,
			);
			name = "Other Frameworks";
			sourceTree = "<group>";
		};
		19C28FB0FE9D524F11CA2CBB /* Products */ = {
			isa = PBXGroup;
			children = (
				8D15AC370486D014006FF6A4 /* CSL Editor.app */,
			);
			name = Products;
			sourceTree = "<group>";
		};
		2A37F4AAFDCFA73011CA2CEA /* CSL Editor */ = {
			isa = PBXGroup;
			children = (
				2A37F4ABFDCFA73011CA2CEA /* Classes */,
				2A37F4AFFDCFA73011CA2CEA /* Other Sources */,
				2A37F4B8FDCFA73011CA2CEA /* Resources */,
				2A37F4C3FDCFA73011CA2CEA /* Frameworks */,
				19C28FB0FE9D524F11CA2CBB /* Products */,
			);
			name = "CSL Editor";
			sourceTree = "<group>";
		};
		2A37F4ABFDCFA73011CA2CEA /* Classes */ = {
			isa = PBXGroup;
			children = (
				C799F5F108F70EB100E984B2 /* AccessorMacros.h */,
				2A37F4AEFDCFA73011CA2CEA /* CSLDocument.h */,
				2A37F4ACFDCFA73011CA2CEA /* CSLDocument.m */,
				C799F5F408F70ECD00E984B2 /* CSLWindowController.h */,
				C799F5F508F70ECD00E984B2 /* CSLWindowController.m */,
				C799F7FF08F7D35400E984B2 /* CSLInfoXMLModel.h */,
				C799F80008F7D35400E984B2 /* CSLInfoXMLModel.m */,
				C799F93608F8843500E984B2 /* CSLBibliographyXMLModel.h */,
				C799F93708F8843500E984B2 /* CSLBibliographyXMLModel.m */,
				C799F9DC08FA991300E984B2 /* CSLReftypeXMLModel.h */,
				C799F9DD08FA991300E984B2 /* CSLReftypeXMLModel.m */,
				C799F97508FA79BB00E984B2 /* CSLCiteEntryXMLModel.h */,
				C799F97608FA79BB00E984B2 /* CSLCiteEntryXMLModel.m */,
			);
			name = Classes;
			sourceTree = "<group>";
		};
		2A37F4AFFDCFA73011CA2CEA /* Other Sources */ = {
			isa = PBXGroup;
			children = (
				32DBCF750370BD2300C91783 /* CSL Editor_Prefix.pch */,
				2A37F4B0FDCFA73011CA2CEA /* main.m */,
			);
			name = "Other Sources";
			sourceTree = "<group>";
		};
		2A37F4B8FDCFA73011CA2CEA /* Resources */ = {
			isa = PBXGroup;
			children = (
				C799F69D08F717D600E984B2 /* Info.tiff */,
				C799F6B408F718A200E984B2 /* Bibliography.tiff */,
				C799F6B508F718A200E984B2 /* Citation.tiff */,
				C799F6B608F718A200E984B2 /* Content.tiff */,
				C799F5E508F6E91200E984B2 /* CSLDocument.nib */,
				2A37F4B9FDCFA73011CA2CEA /* Credits.rtf */,
				2A37F4B6FDCFA73011CA2CEA /* MainMenu.nib */,
				8D15AC360486D014006FF6A4 /* Info.plist */,
				089C165FFE840EACC02AAC07 /* InfoPlist.strings */,
			);
			name = Resources;
			sourceTree = "<group>";
		};
		2A37F4C3FDCFA73011CA2CEA /* Frameworks */ = {
			isa = PBXGroup;
			children = (
				1058C7A6FEA54F5311CA2CBB /* Linked Frameworks */,
				1058C7A8FEA54F5311CA2CBB /* Other Frameworks */,
			);
			name = Frameworks;
			sourceTree = "<group>";
		};
/* End PBXGroup section */

/* Begin PBXNativeTarget section */
		8D15AC270486D014006FF6A4 /* CSL Editor */ = {
			isa = PBXNativeTarget;
			buildConfigurationList = C799F5C808F6E78A00E984B2 /* Build configuration list for PBXNativeTarget "CSL Editor" */;
			buildPhases = (
				8D15AC2B0486D014006FF6A4 /* Resources */,
				8D15AC300486D014006FF6A4 /* Sources */,
				8D15AC330486D014006FF6A4 /* Frameworks */,
			);
			buildRules = (
			);
			dependencies = (
			);
			name = "CSL Editor";
			productInstallPath = "$(HOME)/Applications";
			productName = "CSL Editor";
			productReference = 8D15AC370486D014006FF6A4 /* CSL Editor.app */;
			productType = "com.apple.product-type.application";
		};
/* End PBXNativeTarget section */

/* Begin PBXProject section */
		2A37F4A9FDCFA73011CA2CEA /* Project object */ = {
			isa = PBXProject;
			buildConfigurationList = C799F5CC08F6E78A00E984B2 /* Build configuration list for PBXProject "CSL Editor" */;
			hasScannedForEncodings = 1;
			mainGroup = 2A37F4AAFDCFA73011CA2CEA /* CSL Editor */;
			projectDirPath = "";
			targets = (
				8D15AC270486D014006FF6A4 /* CSL Editor */,
			);
		};
/* End PBXProject section */

/* Begin PBXResourcesBuildPhase section */
		8D15AC2B0486D014006FF6A4 /* Resources */ = {
			isa = PBXResourcesBuildPhase;
			buildActionMask = 2147483647;
			files = (
				8D15AC2C0486D014006FF6A4 /* Credits.rtf in Resources */,
				8D15AC2D0486D014006FF6A4 /* MainMenu.nib in Resources */,
				8D15AC2F0486D014006FF6A4 /* InfoPlist.strings in Resources */,
				C799F5E708F6E91200E984B2 /* CSLDocument.nib in Resources */,
			);
			runOnlyForDeploymentPostprocessing = 0;
		};
/* End PBXResourcesBuildPhase section */

/* Begin PBXSourcesBuildPhase section */
		8D15AC300486D014006FF6A4 /* Sources */ = {
			isa = PBXSourcesBuildPhase;
			buildActionMask = 2147483647;
			files = (
				8D15AC310486D014006FF6A4 /* CSLDocument.m in Sources */,
				8D15AC320486D014006FF6A4 /* main.m in Sources */,
				C799F5F608F70ECD00E984B2 /* CSLWindowController.m in Sources */,
				C799F80108F7D35400E984B2 /* CSLInfoXMLModel.m in Sources */,
				C799F93808F8843500E984B2 /* CSLBibliographyXMLModel.m in Sources */,
				C799F97708FA79BB00E984B2 /* CSLCiteEntryXMLModel.m in Sources */,
				C799F9DE08FA991300E984B2 /* CSLReftypeXMLModel.m in Sources */,
			);
			runOnlyForDeploymentPostprocessing = 0;
		};
/* End PBXSourcesBuildPhase section */

/* Begin PBXVariantGroup section */
		089C165FFE840EACC02AAC07 /* InfoPlist.strings */ = {
			isa = PBXVariantGroup;
			children = (
				089C1660FE840EACC02AAC07 /* English */,
			);
			name = InfoPlist.strings;
			sourceTree = "<group>";
		};
		2A37F4B6FDCFA73011CA2CEA /* MainMenu.nib */ = {
			isa = PBXVariantGroup;
			children = (
				2A37F4B7FDCFA73011CA2CEA /* English */,
			);
			name = MainMenu.nib;
			sourceTree = "<group>";
		};
		2A37F4B9FDCFA73011CA2CEA /* Credits.rtf */ = {
			isa = PBXVariantGroup;
			children = (
				2A37F4BAFDCFA73011CA2CEA /* English */,
			);
			name = Credits.rtf;
			sourceTree = "<group>";
		};
		C799F5E508F6E91200E984B2 /* CSLDocument.nib */ = {
			isa = PBXVariantGroup;
			children = (
				C799F5E608F6E91200E984B2 /* English */,
			);
			name = CSLDocument.nib;
			sourceTree = "<group>";
		};
/* End PBXVariantGroup section */

/* Begin XCBuildConfiguration section */
		C799F5C908F6E78A00E984B2 /* Debug */ = {
			isa = XCBuildConfiguration;
			buildSettings = {
				ARCHS = (
					ppc,
					i386,
				);
				COPY_PHASE_STRIP = NO;
				GCC_DYNAMIC_NO_PIC = NO;
				GCC_ENABLE_FIX_AND_CONTINUE = YES;
				GCC_GENERATE_DEBUGGING_SYMBOLS = YES;
				GCC_OPTIMIZATION_LEVEL = 0;
				GCC_PRECOMPILE_PREFIX_HEADER = YES;
				GCC_PREFIX_HEADER = "CSL Editor_Prefix.pch";
				GCC_WARN_ABOUT_RETURN_TYPE = YES;
				GCC_WARN_UNUSED_VARIABLE = YES;
				INFOPLIST_FILE = Info.plist;
				INSTALL_PATH = "$(HOME)/Applications";
				PREBINDING = NO;
				PRODUCT_NAME = "CSL Editor";
				WRAPPER_EXTENSION = app;
				ZERO_LINK = YES;
			};
			name = Debug;
		};
		C799F5CA08F6E78A00E984B2 /* Release */ = {
			isa = XCBuildConfiguration;
			buildSettings = {
				ARCHS = (
					ppc,
					i386,
				);
				COPY_PHASE_STRIP = YES;
				GCC_ENABLE_FIX_AND_CONTINUE = NO;
				GCC_GENERATE_DEBUGGING_SYMBOLS = NO;
				GCC_PRECOMPILE_PREFIX_HEADER = YES;
				GCC_PREFIX_HEADER = "CSL Editor_Prefix.pch";
				GCC_WARN_ABOUT_RETURN_TYPE = YES;
				GCC_WARN_UNUSED_VARIABLE = YES;
				INFOPLIST_FILE = Info.plist;
				INSTALL_PATH = "$(HOME)/Applications";
				PREBINDING = NO;
				PRODUCT_NAME = "CSL Editor";
				WRAPPER_EXTENSION = app;
				ZERO_LINK = NO;
			};
			name = Release;
		};
		C799F5CB08F6E78A00E984B2 /* Default */ = {
			isa = XCBuildConfiguration;
			buildSettings = {
				ARCHS = (
					ppc,
					i386,
				);
				GCC_GENERATE_DEBUGGING_SYMBOLS = NO;
				GCC_PRECOMPILE_PREFIX_HEADER = YES;
				GCC_PREFIX_HEADER = "CSL Editor_Prefix.pch";
				GCC_WARN_ABOUT_RETURN_TYPE = YES;
				GCC_WARN_UNUSED_VARIABLE = YES;
				INFOPLIST_FILE = Info.plist;
				INSTALL_PATH = "$(HOME)/Applications";
				PRODUCT_NAME = "CSL Editor";
				WRAPPER_EXTENSION = app;
			};
			name = Default;
		};
		C799F5CD08F6E78A00E984B2 /* Debug */ = {
			isa = XCBuildConfiguration;
			buildSettings = {
				MACOSX_DEPLOYMENT_TARGET = 10.4;
				SDKROOT = /Developer/SDKs/MacOSX10.4u.sdk;
			};
			name = Debug;
		};
		C799F5CE08F6E78A00E984B2 /* Release */ = {
			isa = XCBuildConfiguration;
			buildSettings = {
				MACOSX_DEPLOYMENT_TARGET = 10.4;
				SDKROOT = /Developer/SDKs/MacOSX10.4u.sdk;
			};
			name = Release;
		};
		C799F5CF08F6E78A00E984B2 /* Default */ = {
			isa = XCBuildConfiguration;
			buildSettings = {
				MACOSX_DEPLOYMENT_TARGET = 10.4;
				SDKROOT = /Developer/SDKs/MacOSX10.4u.sdk;
			};
			name = Default;
		};
/* End XCBuildConfiguration section */

/* Begin XCConfigurationList section */
		C799F5C808F6E78A00E984B2 /* Build configuration list for PBXNativeTarget "CSL Editor" */ = {
			isa = XCConfigurationList;
			buildConfigurations = (
				C799F5C908F6E78A00E984B2 /* Debug */,
				C799F5CA08F6E78A00E984B2 /* Release */,
				C799F5CB08F6E78A00E984B2 /* Default */,
			);
			defaultConfigurationIsVisible = 0;
			defaultConfigurationName = Default;
		};
		C799F5CC08F6E78A00E984B2 /* Build configuration list for PBXProject "CSL Editor" */ = {
			isa = XCConfigurationList;
			buildConfigurations = (
				C799F5CD08F6E78A00E984B2 /* Debug */,
				C799F5CE08F6E78A00E984B2 /* Release */,
				C799F5CF08F6E78A00E984B2 /* Default */,
			);
			defaultConfigurationIsVisible = 0;
			defaultConfigurationName = Default;
		};
/* End XCConfigurationList section */
	};
	rootObject = 2A37F4A9FDCFA73011CA2CEA /* Project object */;
}
