// !$*UTF8*$!
{
	archiveVersion = 1;
	classes = {
	};
	objectVersion = 42;
	objects = {

/* Begin PBXBuildFile section */
		8D15AC2F0486D014006FF6A4 /* InfoPlist.strings in Resources */ = {isa = PBXBuildFile; fileRef = 089C165FFE840EACC02AAC07 /* InfoPlist.strings */; };
		8D15AC320486D014006FF6A4 /* main.m in Sources */ = {isa = PBXBuildFile; fileRef = 2A37F4B0FDCFA73011CA2CEA /* main.m */; settings = {ATTRIBUTES = (); }; };
		8D15AC340486D014006FF6A4 /* Cocoa.framework in Frameworks */ = {isa = PBXBuildFile; fileRef = 1058C7A7FEA54F5311CA2CBB /* Cocoa.framework */; };
		C708E90C0B9D953A0085872E /* JKCombinedPeak.h in Headers */ = {isa = PBXBuildFile; fileRef = C708E90A0B9D953A0085872E /* JKCombinedPeak.h */; };
		C708E90D0B9D953A0085872E /* JKCombinedPeak.m in Sources */ = {isa = PBXBuildFile; fileRef = C708E90B0B9D953A0085872E /* JKCombinedPeak.m */; };
		C70DB7610957141800C2B386 /* netcdf.h in Headers */ = {isa = PBXBuildFile; fileRef = C7EB17AF0898CF2E007FC2ED /* netcdf.h */; };
		C70DB7620957141800C2B386 /* libnetcdf.a in Frameworks */ = {isa = PBXBuildFile; fileRef = C7EB17AE0898CF2E007FC2ED /* libnetcdf.a */; };
		C70DB7640957141800C2B386 /* Cocoa.framework in Frameworks */ = {isa = PBXBuildFile; fileRef = 1058C7A7FEA54F5311CA2CBB /* Cocoa.framework */; };
		C70DB7650957141800C2B386 /* libz.dylib in Frameworks */ = {isa = PBXBuildFile; fileRef = C7834D490941EDAF005431CD /* libz.dylib */; };
		C70DB7660957141800C2B386 /* Security.framework in Frameworks */ = {isa = PBXBuildFile; fileRef = C7834D430941ED7A005431CD /* Security.framework */; };
		C70DB7670957141800C2B386 /* CoreFoundation.framework in Frameworks */ = {isa = PBXBuildFile; fileRef = C7834D3C0941ED5C005431CD /* CoreFoundation.framework */; };
		C70DB7680957141800C2B386 /* Carbon.framework in Frameworks */ = {isa = PBXBuildFile; fileRef = C7834D1A0941ED37005431CD /* Carbon.framework */; };
		C70DB7690957141800C2B386 /* AppKit.framework in Frameworks */ = {isa = PBXBuildFile; fileRef = 2A37F4C4FDCFA73011CA2CEA /* AppKit.framework */; };
		C70DB76A0957141800C2B386 /* Foundation.framework in Frameworks */ = {isa = PBXBuildFile; fileRef = 2A37F4C5FDCFA73011CA2CEA /* Foundation.framework */; };
		C70DB8EE09573BEA00C2B386 /* JKRatio.m in Sources */ = {isa = PBXBuildFile; fileRef = C70DB8EC09573BEA00C2B386 /* JKRatio.m */; };
		C70DC017095B201200C2B386 /* Localizable.strings in Resources */ = {isa = PBXBuildFile; fileRef = C70DC016095B201200C2B386 /* Localizable.strings */; };
		C70DC01A095B205500C2B386 /* Credits.rtf in Resources */ = {isa = PBXBuildFile; fileRef = C70DC019095B205500C2B386 /* Credits.rtf */; };
		C715DEB40A136AD300348AB5 /* JKGCMSDocument.h in Headers */ = {isa = PBXBuildFile; fileRef = C715DEB30A136AD200348AB5 /* JKGCMSDocument.h */; };
		C715DECF0A136B2F00348AB5 /* JKGCMSDocument.m in Sources */ = {isa = PBXBuildFile; fileRef = C715DECE0A136B2F00348AB5 /* JKGCMSDocument.m */; };
		C716B4BD0AD6AA8F00DA408E /* CoreData.framework in Frameworks */ = {isa = PBXBuildFile; fileRef = C716B4AD0AD6AA8F00DA408E /* CoreData.framework */; };
		C716B4DD0AD6ACA500DA408E /* JKGAMLDocument.nib in Resources */ = {isa = PBXBuildFile; fileRef = C716B4D70AD6ACA400DA408E /* JKGAMLDocument.nib */; };
		C71D9FCC099CD19D007EB10D /* Growl.framework in Frameworks */ = {isa = PBXBuildFile; fileRef = C71D9FCB099CD19D007EB10D /* Growl.framework */; };
		C71D9FE9099CD291007EB10D /* Growl.framework in CopyFiles */ = {isa = PBXBuildFile; fileRef = C71D9FCB099CD19D007EB10D /* Growl.framework */; };
		C720AB8809EA7B6C007EF860 /* jk_statistics.h in Headers */ = {isa = PBXBuildFile; fileRef = C720AB8609EA7B6C007EF860 /* jk_statistics.h */; };
		C720AB8909EA7B6C007EF860 /* jk_statistics.c in Sources */ = {isa = PBXBuildFile; fileRef = C720AB8709EA7B6C007EF860 /* jk_statistics.c */; };
		C729CAA90A4B45CD00FAB04F /* JKDataModelProxy.h in Headers */ = {isa = PBXBuildFile; fileRef = C729CAA70A4B45CD00FAB04F /* JKDataModelProxy.h */; };
		C729CAAA0A4B45CD00FAB04F /* JKDataModelProxy.m in Sources */ = {isa = PBXBuildFile; fileRef = C729CAA80A4B45CD00FAB04F /* JKDataModelProxy.m */; };
		C72C8509098BE83600CEF565 /* JKSpectrumTest.m in Sources */ = {isa = PBXBuildFile; fileRef = C72C8508098BE83600CEF565 /* JKSpectrumTest.m */; };
		C72C85D7098BF1B800CEF565 /* JKGeneralTesting.m in Sources */ = {isa = PBXBuildFile; fileRef = C72C85D6098BF1B800CEF565 /* JKGeneralTesting.m */; };
		C73291070AD68F9800D95E36 /* JKFileWell.h in Headers */ = {isa = PBXBuildFile; fileRef = C73290E80AD68F9800D95E36 /* JKFileWell.h */; };
		C73291120AD68F9800D95E36 /* JKSynchroScrollView.h in Headers */ = {isa = PBXBuildFile; fileRef = C73290F30AD68F9800D95E36 /* JKSynchroScrollView.h */; };
		C73291130AD68F9800D95E36 /* JKSynchroScrollView.m in Sources */ = {isa = PBXBuildFile; fileRef = C73290F40AD68F9800D95E36 /* JKSynchroScrollView.m */; };
		C73533D20B7A703C00F7634B /* JKChromatogramTest.m in Sources */ = {isa = PBXBuildFile; fileRef = C73533D10B7A703C00F7634B /* JKChromatogramTest.m */; };
		C747ED350ABF43C6001F98AF /* Peacock Test Files in Resources */ = {isa = PBXBuildFile; fileRef = C747ED320ABF43C6001F98AF /* Peacock Test Files */; };
		C7713B36095029C200653D2A /* JKBatchProcess.nib in Resources */ = {isa = PBXBuildFile; fileRef = C7713B35095029C200653D2A /* JKBatchProcess.nib */; };
		C7713B430950368F00653D2A /* JKBatchProcessWindowController.m in Sources */ = {isa = PBXBuildFile; fileRef = C7713B420950368F00653D2A /* JKBatchProcessWindowController.m */; };
		C773669808E02D87002B72F1 /* ChromatogramGraphDataSerie.m in Sources */ = {isa = PBXBuildFile; fileRef = C773669508E02D87002B72F1 /* ChromatogramGraphDataSerie.m */; };
		C773669908E02D88002B72F1 /* SpectrumGraphDataSerie.m in Sources */ = {isa = PBXBuildFile; fileRef = C773669708E02D87002B72F1 /* SpectrumGraphDataSerie.m */; };
		C7752C380B6778DA0010EE72 /* JKSearchResult.h in Headers */ = {isa = PBXBuildFile; fileRef = C7752C360B6778DA0010EE72 /* JKSearchResult.h */; };
		C7752C390B6778DA0010EE72 /* JKSearchResult.m in Sources */ = {isa = PBXBuildFile; fileRef = C7752C370B6778DA0010EE72 /* JKSearchResult.m */; };
		C777A2C50A1DFEA800CF44D9 /* JKMoleculeView.h in Headers */ = {isa = PBXBuildFile; fileRef = C777A2C30A1DFEA800CF44D9 /* JKMoleculeView.h */; };
		C777A2C60A1DFEA800CF44D9 /* JKMoleculeView.m in Sources */ = {isa = PBXBuildFile; fileRef = C777A2C40A1DFEA800CF44D9 /* JKMoleculeView.m */; };
		C777A2D20A1DFEE400CF44D9 /* JKAtom.h in Headers */ = {isa = PBXBuildFile; fileRef = C777A2CC0A1DFEE400CF44D9 /* JKAtom.h */; };
		C777A2D30A1DFEE400CF44D9 /* JKAtom.m in Sources */ = {isa = PBXBuildFile; fileRef = C777A2CD0A1DFEE400CF44D9 /* JKAtom.m */; };
		C777A2D40A1DFEE400CF44D9 /* JKBond.h in Headers */ = {isa = PBXBuildFile; fileRef = C777A2CE0A1DFEE400CF44D9 /* JKBond.h */; };
		C777A2D50A1DFEE400CF44D9 /* JKBond.m in Sources */ = {isa = PBXBuildFile; fileRef = C777A2CF0A1DFEE400CF44D9 /* JKBond.m */; };
		C777A2D60A1DFEE400CF44D9 /* JKMoleculeModel.h in Headers */ = {isa = PBXBuildFile; fileRef = C777A2D00A1DFEE400CF44D9 /* JKMoleculeModel.h */; };
		C777A2D70A1DFEE400CF44D9 /* JKMoleculeModel.m in Sources */ = {isa = PBXBuildFile; fileRef = C777A2D10A1DFEE400CF44D9 /* JKMoleculeModel.m */; };
		C77C585A09801145002E7796 /* Peacock Help in Resources */ = {isa = PBXBuildFile; fileRef = C77C582F09800FAD002E7796 /* Peacock Help */; };
		C7834D1B0941ED37005431CD /* Carbon.framework in Frameworks */ = {isa = PBXBuildFile; fileRef = C7834D1A0941ED37005431CD /* Carbon.framework */; };
		C7834D3D0941ED5C005431CD /* CoreFoundation.framework in Frameworks */ = {isa = PBXBuildFile; fileRef = C7834D3C0941ED5C005431CD /* CoreFoundation.framework */; };
		C7834D440941ED7A005431CD /* Security.framework in Frameworks */ = {isa = PBXBuildFile; fileRef = C7834D430941ED7A005431CD /* Security.framework */; };
		C7834D4A0941EDAF005431CD /* libz.dylib in Frameworks */ = {isa = PBXBuildFile; fileRef = C7834D490941EDAF005431CD /* libz.dylib */; };
		C7858FEA0951E9990083EC22 /* JKStatisticalAnalysis.nib in Resources */ = {isa = PBXBuildFile; fileRef = C7858FE90951E9990083EC22 /* JKStatisticalAnalysis.nib */; };
		C7859AAC09CEBCE900351C87 /* Sparkle.framework in Frameworks */ = {isa = PBXBuildFile; fileRef = C7859A9909CEBCE900351C87 /* Sparkle.framework */; };
		C7859AAD09CEBD2400351C87 /* Sparkle.framework in CopyFiles */ = {isa = PBXBuildFile; fileRef = C7859A9909CEBCE900351C87 /* Sparkle.framework */; };
		C79281D30B9F1CC100EDF996 /* NSEvent+ModifierKeys.h in Headers */ = {isa = PBXBuildFile; fileRef = C79281D10B9F1CC100EDF996 /* NSEvent+ModifierKeys.h */; };
		C79281D40B9F1CC200EDF996 /* NSEvent+ModifierKeys.m in Sources */ = {isa = PBXBuildFile; fileRef = C79281D20B9F1CC100EDF996 /* NSEvent+ModifierKeys.m */; };
		C798C9EA08E17B5400C6C7D1 /* DeleteTableView.m in Sources */ = {isa = PBXBuildFile; fileRef = C798C9E908E17B5400C6C7D1 /* DeleteTableView.m */; };
		C799B0AA0ACAB30D00D4FCA4 /* Identify Compounds.tiff in Resources */ = {isa = PBXBuildFile; fileRef = C799B0A70ACAB30D00D4FCA4 /* Identify Compounds.tiff */; };
		C799B0AB0ACAB30D00D4FCA4 /* Identify Peaks.tiff in Resources */ = {isa = PBXBuildFile; fileRef = C799B0A80ACAB30D00D4FCA4 /* Identify Peaks.tiff */; };
		C799B0AC0ACAB30D00D4FCA4 /* Identify Baseline.tiff in Resources */ = {isa = PBXBuildFile; fileRef = C799B0A90ACAB30D00D4FCA4 /* Identify Baseline.tiff */; };
		C79A6154094DBE3A00C0887E /* RBSplitSubview.m in Sources */ = {isa = PBXBuildFile; fileRef = C79A6150094DBE3A00C0887E /* RBSplitSubview.m */; };
		C79A6155094DBE3A00C0887E /* RBSplitView.m in Sources */ = {isa = PBXBuildFile; fileRef = C79A6152094DBE3A00C0887E /* RBSplitView.m */; };
		C7A7BB370A9DE5D3005E3778 /* library_document.icns in Resources */ = {isa = PBXBuildFile; fileRef = C7A7BB2D0A9DE5D3005E3778 /* library_document.icns */; };
		C7A7BB380A9DE5D3005E3778 /* atlas_document.icns in Resources */ = {isa = PBXBuildFile; fileRef = C7A7BB2E0A9DE5D3005E3778 /* atlas_document.icns */; };
		C7A7BB3A0A9DE5D3005E3778 /* peacock_document.icns in Resources */ = {isa = PBXBuildFile; fileRef = C7A7BB300A9DE5D3005E3778 /* peacock_document.icns */; };
		C7A7BB3B0A9DE5D3005E3778 /* peacock_preferences.icns in Resources */ = {isa = PBXBuildFile; fileRef = C7A7BB310A9DE5D3005E3778 /* peacock_preferences.icns */; };
		C7A7BB3C0A9DE5D3005E3778 /* andi_document.icns in Resources */ = {isa = PBXBuildFile; fileRef = C7A7BB320A9DE5D3005E3778 /* andi_document.icns */; };
		C7A7BB3D0A9DE5D3005E3778 /* aia_document.icns in Resources */ = {isa = PBXBuildFile; fileRef = C7A7BB330A9DE5D3005E3778 /* aia_document.icns */; };
		C7A7BB3E0A9DE5D3005E3778 /* netcdf_document.icns in Resources */ = {isa = PBXBuildFile; fileRef = C7A7BB340A9DE5D3005E3778 /* netcdf_document.icns */; };
		C7A7BB3F0A9DE5D3005E3778 /* hpchem_document.icns in Resources */ = {isa = PBXBuildFile; fileRef = C7A7BB350A9DE5D3005E3778 /* hpchem_document.icns */; };
		C7A7BB400A9DE5D3005E3778 /* peacock_application.icns in Resources */ = {isa = PBXBuildFile; fileRef = C7A7BB360A9DE5D3005E3778 /* peacock_application.icns */; };
		C7A7BB550A9DE6E0005E3778 /* question_mark.tiff in Resources */ = {isa = PBXBuildFile; fileRef = C7A7BB480A9DE6E0005E3778 /* question_mark.tiff */; };
		C7A7BB560A9DE6E0005E3778 /* zoom_out.tiff in Resources */ = {isa = PBXBuildFile; fileRef = C7A7BB490A9DE6E0005E3778 /* zoom_out.tiff */; };
		C7A7BB570A9DE6E0005E3778 /* processing.tiff in Resources */ = {isa = PBXBuildFile; fileRef = C7A7BB4A0A9DE6E0005E3778 /* processing.tiff */; };
		C7A7BB580A9DE6E0005E3778 /* info.icns in Resources */ = {isa = PBXBuildFile; fileRef = C7A7BB4B0A9DE6E0005E3778 /* info.icns */; };
		C7A7BB590A9DE6E0005E3778 /* general.tiff in Resources */ = {isa = PBXBuildFile; fileRef = C7A7BB4C0A9DE6E0005E3778 /* general.tiff */; };
		C7A7BB5A0A9DE6E0005E3778 /* find.icns in Resources */ = {isa = PBXBuildFile; fileRef = C7A7BB4D0A9DE6E0005E3778 /* find.icns */; };
		C7A7BB5B0A9DE6E0005E3778 /* zoom_in.tiff in Resources */ = {isa = PBXBuildFile; fileRef = C7A7BB4E0A9DE6E0005E3778 /* zoom_in.tiff */; };
		C7A7BB5C0A9DE6E0005E3778 /* text.tiff in Resources */ = {isa = PBXBuildFile; fileRef = C7A7BB4F0A9DE6E0005E3778 /* text.tiff */; };
		C7A7BB5D0A9DE6E0005E3778 /* zoom.tiff in Resources */ = {isa = PBXBuildFile; fileRef = C7A7BB500A9DE6E0005E3778 /* zoom.tiff */; };
		C7A7BB5E0A9DE6E0005E3778 /* display.tiff in Resources */ = {isa = PBXBuildFile; fileRef = C7A7BB510A9DE6E0005E3778 /* display.tiff */; };
		C7A7BB5F0A9DE6E0005E3778 /* warning.tiff in Resources */ = {isa = PBXBuildFile; fileRef = C7A7BB520A9DE6E0005E3778 /* warning.tiff */; };
		C7A7BB600A9DE6E0005E3778 /* layout.tiff in Resources */ = {isa = PBXBuildFile; fileRef = C7A7BB530A9DE6E0005E3778 /* layout.tiff */; };
		C7A7BB610A9DE6E0005E3778 /* save_document.tiff in Resources */ = {isa = PBXBuildFile; fileRef = C7A7BB540A9DE6E0005E3778 /* save_document.tiff */; };
		C7AD34C908AFA20800A0F4BE /* JKPeakRecord.m in Sources */ = {isa = PBXBuildFile; fileRef = C7EB17E50898CF2F007FC2ED /* JKPeakRecord.m */; };
		C7AD38AD08B2A0D600A0F4BE /* FilteringDNDArrayController.m in Sources */ = {isa = PBXBuildFile; fileRef = C7AD38AC08B2A0D600A0F4BE /* FilteringDNDArrayController.m */; };
		C7B9BA2D0AA881AE00250EFE /* view.tiff in Resources */ = {isa = PBXBuildFile; fileRef = C7B9BA2C0AA881AE00250EFE /* view.tiff */; };
		C7BC505309A62C930093106E /* JKLog.h in Headers */ = {isa = PBXBuildFile; fileRef = C7BC505109A62C930093106E /* JKLog.h */; };
		C7BC505409A62C930093106E /* JKLog.m in Sources */ = {isa = PBXBuildFile; fileRef = C7BC505209A62C930093106E /* JKLog.m */; };
		C7BDA6C10AF8B40E003513C7 /* FontNameToDisplayNameTransformer.m in Sources */ = {isa = PBXBuildFile; fileRef = C7BDA6BF0AF8B40E003513C7 /* FontNameToDisplayNameTransformer.m */; };
		C7BDA6C20AF8B40E003513C7 /* FontNameToDisplayNameTransformer.h in Headers */ = {isa = PBXBuildFile; fileRef = C7BDA6C00AF8B40E003513C7 /* FontNameToDisplayNameTransformer.h */; };
		C7C21FC60A5060E2006E82FD /* Peacock.sdef in Resources */ = {isa = PBXBuildFile; fileRef = C7C21FC50A5060E2006E82FD /* Peacock.sdef */; };
		C7C2998A0B8B48CC0017B2B2 /* ArrayEncodingObject.h in Headers */ = {isa = PBXBuildFile; fileRef = C7C299880B8B48CC0017B2B2 /* ArrayEncodingObject.h */; };
		C7C2998B0B8B48CC0017B2B2 /* ArrayEncodingObject.m in Sources */ = {isa = PBXBuildFile; fileRef = C7C299890B8B48CC0017B2B2 /* ArrayEncodingObject.m */; };
		C7C299900B8B4B0F0017B2B2 /* NSKeyedArchiver+CArrayEncoding.h in Headers */ = {isa = PBXBuildFile; fileRef = C7C2998E0B8B4B0F0017B2B2 /* NSKeyedArchiver+CArrayEncoding.h */; };
		C7C299910B8B4B0F0017B2B2 /* NSKeyedArchiver+CArrayEncoding.m in Sources */ = {isa = PBXBuildFile; fileRef = C7C2998F0B8B4B0F0017B2B2 /* NSKeyedArchiver+CArrayEncoding.m */; };
		C7C29ABD0B8B67540017B2B2 /* NSCoder+CArrayEncoding.h in Headers */ = {isa = PBXBuildFile; fileRef = C7C29ABB0B8B67530017B2B2 /* NSCoder+CArrayEncoding.h */; };
		C7C29ABE0B8B67540017B2B2 /* NSCoder+CArrayEncoding.m in Sources */ = {isa = PBXBuildFile; fileRef = C7C29ABC0B8B67540017B2B2 /* NSCoder+CArrayEncoding.m */; };
		C7D7D66A0B7203B0004ABEB5 /* NSBezierPath+RoundRect.h in Headers */ = {isa = PBXBuildFile; fileRef = C7D7D6680B7203AF004ABEB5 /* NSBezierPath+RoundRect.h */; };
		C7D7D66B0B7203B0004ABEB5 /* NSBezierPath+RoundRect.m in Sources */ = {isa = PBXBuildFile; fileRef = C7D7D6690B7203AF004ABEB5 /* NSBezierPath+RoundRect.m */; };
		C7E25C060B387C0F00CD8D39 /* JKChromatogram.h in Headers */ = {isa = PBXBuildFile; fileRef = C73290E00AD68F9800D95E36 /* JKChromatogram.h */; };
		C7E25C070B387C0F00CD8D39 /* JKChromatogram.m in Sources */ = {isa = PBXBuildFile; fileRef = C73290E10AD68F9800D95E36 /* JKChromatogram.m */; };
		C7E5B1D70A14934200BB2291 /* BDAlias.h in Headers */ = {isa = PBXBuildFile; fileRef = C7E5B1D20A14934200BB2291 /* BDAlias.h */; };
		C7E5B1D80A14934200BB2291 /* BDAlias.m in Sources */ = {isa = PBXBuildFile; fileRef = C7E5B1D30A14934200BB2291 /* BDAlias.m */; };
		C7EB18160898CFBD007FC2ED /* MolTypes.c in Sources */ = {isa = PBXBuildFile; fileRef = C7EB17F00898CFBC007FC2ED /* MolTypes.c */; };
		C7EB18170898CFBD007FC2ED /* MWController.m in Sources */ = {isa = PBXBuildFile; fileRef = C7EB17F40898CFBC007FC2ED /* MWController.m */; };
		C7EB18180898CFBD007FC2ED /* MyGraphDataSerie.m in Sources */ = {isa = PBXBuildFile; fileRef = C7EB17F60898CFBC007FC2ED /* MyGraphDataSerie.m */; };
		C7EB18190898CFBD007FC2ED /* MyGraphView.m in Sources */ = {isa = PBXBuildFile; fileRef = C7EB17F80898CFBC007FC2ED /* MyGraphView.m */; };
		C7EB181A0898CFBD007FC2ED /* JKLibrary.nib in Resources */ = {isa = PBXBuildFile; fileRef = C7EB17FA0898CFBC007FC2ED /* JKLibrary.nib */; };
		C7EB181B0898CFBD007FC2ED /* JKGCMSDocument.nib in Resources */ = {isa = PBXBuildFile; fileRef = C7EB17FB0898CFBD007FC2ED /* JKGCMSDocument.nib */; };
		C7EB181C0898CFBD007FC2ED /* JKMainMenu.nib in Resources */ = {isa = PBXBuildFile; fileRef = C7EB17FC0898CFBD007FC2ED /* JKMainMenu.nib */; };
		C7EB181E0898CFBD007FC2ED /* JKPanel.nib in Resources */ = {isa = PBXBuildFile; fileRef = C7EB17FE0898CFBD007FC2ED /* JKPanel.nib */; };
		C7EB18210898CFBD007FC2ED /* JKPreferences.nib in Resources */ = {isa = PBXBuildFile; fileRef = C7EB18010898CFBD007FC2ED /* JKPreferences.nib */; };
		C7EB182B0898CFBD007FC2ED /* periodic.table in Resources */ = {isa = PBXBuildFile; fileRef = C7EB180D0898CFBD007FC2ED /* periodic.table */; };
		C7EB18470898D1C8007FC2ED /* CAtom.m in Sources */ = {isa = PBXBuildFile; fileRef = C7EB17A80898CF2D007FC2ED /* CAtom.m */; };
		C7EB18480898D1CB007FC2ED /* CFragment.m in Sources */ = {isa = PBXBuildFile; fileRef = C7EB17AA0898CF2E007FC2ED /* CFragment.m */; };
		C7EB18490898D1CC007FC2ED /* CMutableArray.m in Sources */ = {isa = PBXBuildFile; fileRef = C7EB17AC0898CF2E007FC2ED /* CMutableArray.m */; };
		C7EB184A0898D1CD007FC2ED /* JKAppDelegate.m in Sources */ = {isa = PBXBuildFile; fileRef = C7EB17CF0898CF2E007FC2ED /* JKAppDelegate.m */; };
		C7EB184D0898D1CF007FC2ED /* JKLibrary.m in Sources */ = {isa = PBXBuildFile; fileRef = C7EB17D50898CF2E007FC2ED /* JKLibrary.m */; };
		C7EB184F0898D1D0007FC2ED /* JKLibraryWindowController.m in Sources */ = {isa = PBXBuildFile; fileRef = C7EB17D90898CF2E007FC2ED /* JKLibraryWindowController.m */; };
		C7EB18510898D1D2007FC2ED /* JKMainWindowController.m in Sources */ = {isa = PBXBuildFile; fileRef = C7EB17DD0898CF2E007FC2ED /* JKMainWindowController.m */; };
		C7EB18520898D1D2007FC2ED /* JKPanelController.m in Sources */ = {isa = PBXBuildFile; fileRef = C7EB17DF0898CF2E007FC2ED /* JKPanelController.m */; };
		C7EB18570898D1D6007FC2ED /* JKPreferencesWindowController.m in Sources */ = {isa = PBXBuildFile; fileRef = C7EB17E90898CF2F007FC2ED /* JKPreferencesWindowController.m */; };
		C7EB18580898D1D7007FC2ED /* JKSpectrum.m in Sources */ = {isa = PBXBuildFile; fileRef = C7EB17EB0898CF2F007FC2ED /* JKSpectrum.m */; };
		C7EB185B0898D20E007FC2ED /* libnetcdf.a in Frameworks */ = {isa = PBXBuildFile; fileRef = C7EB17AE0898CF2E007FC2ED /* libnetcdf.a */; };
		C7F0D0560B11D9030046F994 /* MWController.h in Headers */ = {isa = PBXBuildFile; fileRef = C7F0D0550B11D9030046F994 /* MWController.h */; };
		C7F0D3B30B1497D40046F994 /* NSTableView+Copying.h in Headers */ = {isa = PBXBuildFile; fileRef = C7F0D3B10B1497D40046F994 /* NSTableView+Copying.h */; };
		C7F0D3B40B1497D40046F994 /* NSTableView+Copying.m in Sources */ = {isa = PBXBuildFile; fileRef = C7F0D3B20B1497D40046F994 /* NSTableView+Copying.m */; };
		C7F0D6C50B1732C60046F994 /* JKStatisticsWindowController.m in Sources */ = {isa = PBXBuildFile; fileRef = C785905509541F250083EC22 /* JKStatisticsWindowController.m */; };
		C7F0D6C60B1732CD0046F994 /* JKStatisticsDocument.m in Sources */ = {isa = PBXBuildFile; fileRef = C78599A109CDBBAD00351C87 /* JKStatisticsDocument.m */; };
		C7F5E8F508EAA98600AC1068 /* JKLibraryEntry.m in Sources */ = {isa = PBXBuildFile; fileRef = C7F5E8F408EAA98600AC1068 /* JKLibraryEntry.m */; };
		C7F897400A188B0D00A65A24 /* JKPathPopUpButton.h in Headers */ = {isa = PBXBuildFile; fileRef = C7F8973E0A188B0D00A65A24 /* JKPathPopUpButton.h */; };
		C7F897410A188B0D00A65A24 /* JKPathPopUpButton.m in Sources */ = {isa = PBXBuildFile; fileRef = C7F8973F0A188B0D00A65A24 /* JKPathPopUpButton.m */; };
		C7FBE1E40AB6F1A4000E7EF2 /* presets.png in Resources */ = {isa = PBXBuildFile; fileRef = C7FBE1E30AB6F1A4000E7EF2 /* presets.png */; };
/* End PBXBuildFile section */

/* Begin PBXContainerItemProxy section */
		C72C8532098BEAD500CEF565 /* PBXContainerItemProxy */ = {
			isa = PBXContainerItemProxy;
			containerPortal = 2A37F4A9FDCFA73011CA2CEA /* Project object */;
			proxyType = 1;
			remoteGlobalIDString = 8D15AC270486D014006FF6A4;
			remoteInfo = Peacock;
		};
/* End PBXContainerItemProxy section */

/* Begin PBXCopyFilesBuildPhase section */
		C70DB76E0957146D00C2B386 /* CopyFiles */ = {
			isa = PBXCopyFilesBuildPhase;
			buildActionMask = 2147483647;
			dstPath = "";
			dstSubfolderSpec = 10;
			files = (
				C7859AAD09CEBD2400351C87 /* Sparkle.framework in CopyFiles */,
				C71D9FE9099CD291007EB10D /* Growl.framework in CopyFiles */,
			);
			runOnlyForDeploymentPostprocessing = 0;
		};
/* End PBXCopyFilesBuildPhase section */

/* Begin PBXFileReference section */
		089C1660FE840EACC02AAC07 /* English */ = {isa = PBXFileReference; fileEncoding = 10; lastKnownFileType = text.plist.strings; name = English; path = English.lproj/InfoPlist.strings; sourceTree = "<group>"; };
		1058C7A7FEA54F5311CA2CBB /* Cocoa.framework */ = {isa = PBXFileReference; lastKnownFileType = wrapper.framework; name = Cocoa.framework; path = /System/Library/Frameworks/Cocoa.framework; sourceTree = "<absolute>"; };
		2A37F4B0FDCFA73011CA2CEA /* main.m */ = {isa = PBXFileReference; fileEncoding = 4; lastKnownFileType = sourcecode.c.objc; path = main.m; sourceTree = "<group>"; };
		2A37F4BAFDCFA73011CA2CEA /* English */ = {isa = PBXFileReference; lastKnownFileType = text.rtf; name = English; path = ../English.lproj/Credits.rtf; sourceTree = "<group>"; };
		2A37F4C4FDCFA73011CA2CEA /* AppKit.framework */ = {isa = PBXFileReference; lastKnownFileType = wrapper.framework; name = AppKit.framework; path = /System/Library/Frameworks/AppKit.framework; sourceTree = "<absolute>"; };
		2A37F4C5FDCFA73011CA2CEA /* Foundation.framework */ = {isa = PBXFileReference; lastKnownFileType = wrapper.framework; name = Foundation.framework; path = /System/Library/Frameworks/Foundation.framework; sourceTree = "<absolute>"; };
		32DBCF750370BD2300C91783 /* Peacock_Prefix.pch */ = {isa = PBXFileReference; fileEncoding = 4; lastKnownFileType = sourcecode.c.h; path = Peacock_Prefix.pch; sourceTree = "<group>"; };
		8D15AC360486D014006FF6A4 /* Info.plist */ = {isa = PBXFileReference; fileEncoding = 4; lastKnownFileType = text.xml; name = Info.plist; path = ../Info.plist; sourceTree = "<group>"; };
		8D15AC370486D014006FF6A4 /* Peacock.app */ = {isa = PBXFileReference; explicitFileType = wrapper.application; includeInIndex = 0; path = Peacock.app; sourceTree = BUILT_PRODUCTS_DIR; };
		C708E90A0B9D953A0085872E /* JKCombinedPeak.h */ = {isa = PBXFileReference; fileEncoding = 4; lastKnownFileType = sourcecode.c.h; path = JKCombinedPeak.h; sourceTree = "<group>"; };
		C708E90B0B9D953A0085872E /* JKCombinedPeak.m */ = {isa = PBXFileReference; fileEncoding = 4; lastKnownFileType = sourcecode.c.objc; path = JKCombinedPeak.m; sourceTree = "<group>"; };
		C70DB8EB09573BEA00C2B386 /* JKRatio.h */ = {isa = PBXFileReference; fileEncoding = 4; lastKnownFileType = sourcecode.c.h; path = JKRatio.h; sourceTree = "<group>"; };
		C70DB8EC09573BEA00C2B386 /* JKRatio.m */ = {isa = PBXFileReference; fileEncoding = 4; lastKnownFileType = sourcecode.c.objc; path = JKRatio.m; sourceTree = "<group>"; };
		C70DC00F095B1FDB00C2B386 /* English */ = {isa = PBXFileReference; fileEncoding = 10; lastKnownFileType = text.plist.strings; name = English; path = English.lproj/Localizable.strings; sourceTree = SOURCE_ROOT; };
		C715DEB30A136AD200348AB5 /* JKGCMSDocument.h */ = {isa = PBXFileReference; fileEncoding = 30; lastKnownFileType = sourcecode.c.h; path = JKGCMSDocument.h; sourceTree = "<group>"; };
		C715DECE0A136B2F00348AB5 /* JKGCMSDocument.m */ = {isa = PBXFileReference; fileEncoding = 30; lastKnownFileType = sourcecode.c.objc; path = JKGCMSDocument.m; sourceTree = "<group>"; };
		C716B4AD0AD6AA8F00DA408E /* CoreData.framework */ = {isa = PBXFileReference; lastKnownFileType = wrapper.framework; name = CoreData.framework; path = /System/Library/Frameworks/CoreData.framework; sourceTree = "<absolute>"; };
		C716B4D70AD6ACA400DA408E /* JKGAMLDocument.nib */ = {isa = PBXFileReference; lastKnownFileType = wrapper.nib; path = JKGAMLDocument.nib; sourceTree = "<group>"; };
		C71D9FCB099CD19D007EB10D /* Growl.framework */ = {isa = PBXFileReference; lastKnownFileType = wrapper.framework; name = Growl.framework; path = Frameworks/Growl.framework; sourceTree = "<group>"; };
		C720AB8609EA7B6C007EF860 /* jk_statistics.h */ = {isa = PBXFileReference; fileEncoding = 4; lastKnownFileType = sourcecode.c.h; path = jk_statistics.h; sourceTree = "<group>"; };
		C720AB8709EA7B6C007EF860 /* jk_statistics.c */ = {isa = PBXFileReference; fileEncoding = 4; lastKnownFileType = sourcecode.c.c; path = jk_statistics.c; sourceTree = "<group>"; };
		C729CAA70A4B45CD00FAB04F /* JKDataModelProxy.h */ = {isa = PBXFileReference; fileEncoding = 4; lastKnownFileType = sourcecode.c.h; path = JKDataModelProxy.h; sourceTree = "<group>"; };
		C729CAA80A4B45CD00FAB04F /* JKDataModelProxy.m */ = {isa = PBXFileReference; fileEncoding = 4; lastKnownFileType = sourcecode.c.objc; path = JKDataModelProxy.m; sourceTree = "<group>"; };
		C72C8500098BE74300CEF565 /* Unit Testing.octest */ = {isa = PBXFileReference; explicitFileType = wrapper.cfbundle; includeInIndex = 0; path = "Unit Testing.octest"; sourceTree = BUILT_PRODUCTS_DIR; };
		C72C8501098BE74400CEF565 /* Unit Testing-Info.plist */ = {isa = PBXFileReference; lastKnownFileType = text.xml; path = "Unit Testing-Info.plist"; sourceTree = "<group>"; };
		C72C8507098BE83600CEF565 /* JKSpectrumTest.h */ = {isa = PBXFileReference; fileEncoding = 4; lastKnownFileType = sourcecode.c.h; path = JKSpectrumTest.h; sourceTree = "<group>"; };
		C72C8508098BE83600CEF565 /* JKSpectrumTest.m */ = {isa = PBXFileReference; fileEncoding = 4; lastKnownFileType = sourcecode.c.objc; path = JKSpectrumTest.m; sourceTree = "<group>"; };
		C72C85D5098BF1B800CEF565 /* JKGeneralTesting.h */ = {isa = PBXFileReference; fileEncoding = 4; lastKnownFileType = sourcecode.c.h; path = JKGeneralTesting.h; sourceTree = "<group>"; };
		C72C85D6098BF1B800CEF565 /* JKGeneralTesting.m */ = {isa = PBXFileReference; fileEncoding = 4; lastKnownFileType = sourcecode.c.objc; path = JKGeneralTesting.m; sourceTree = "<group>"; };
		C73290E00AD68F9800D95E36 /* JKChromatogram.h */ = {isa = PBXFileReference; fileEncoding = 30; lastKnownFileType = sourcecode.c.h; path = JKChromatogram.h; sourceTree = "<group>"; };
		C73290E10AD68F9800D95E36 /* JKChromatogram.m */ = {isa = PBXFileReference; fileEncoding = 30; lastKnownFileType = sourcecode.c.objc; path = JKChromatogram.m; sourceTree = "<group>"; };
		C73290E80AD68F9800D95E36 /* JKFileWell.h */ = {isa = PBXFileReference; fileEncoding = 30; lastKnownFileType = sourcecode.c.h; path = JKFileWell.h; sourceTree = "<group>"; };
		C73290F30AD68F9800D95E36 /* JKSynchroScrollView.h */ = {isa = PBXFileReference; fileEncoding = 30; lastKnownFileType = sourcecode.c.h; path = JKSynchroScrollView.h; sourceTree = "<group>"; };
		C73290F40AD68F9800D95E36 /* JKSynchroScrollView.m */ = {isa = PBXFileReference; fileEncoding = 30; lastKnownFileType = sourcecode.c.objc; path = JKSynchroScrollView.m; sourceTree = "<group>"; };
		C73533D00B7A703C00F7634B /* JKChromatogramTest.h */ = {isa = PBXFileReference; fileEncoding = 4; lastKnownFileType = sourcecode.c.h; path = JKChromatogramTest.h; sourceTree = "<group>"; };
		C73533D10B7A703C00F7634B /* JKChromatogramTest.m */ = {isa = PBXFileReference; fileEncoding = 4; lastKnownFileType = sourcecode.c.objc; path = JKChromatogramTest.m; sourceTree = "<group>"; };
		C747ED320ABF43C6001F98AF /* Peacock Test Files */ = {isa = PBXFileReference; lastKnownFileType = folder; path = "Peacock Test Files"; sourceTree = "<group>"; };
		C7713B35095029C200653D2A /* JKBatchProcess.nib */ = {isa = PBXFileReference; lastKnownFileType = wrapper.nib; path = JKBatchProcess.nib; sourceTree = "<group>"; };
		C7713B410950368F00653D2A /* JKBatchProcessWindowController.h */ = {isa = PBXFileReference; fileEncoding = 4; lastKnownFileType = sourcecode.c.h; path = JKBatchProcessWindowController.h; sourceTree = "<group>"; };
		C7713B420950368F00653D2A /* JKBatchProcessWindowController.m */ = {isa = PBXFileReference; fileEncoding = 4; lastKnownFileType = sourcecode.c.objc; path = JKBatchProcessWindowController.m; sourceTree = "<group>"; };
		C773669408E02D87002B72F1 /* ChromatogramGraphDataSerie.h */ = {isa = PBXFileReference; fileEncoding = 30; lastKnownFileType = sourcecode.c.h; path = ChromatogramGraphDataSerie.h; sourceTree = "<group>"; };
		C773669508E02D87002B72F1 /* ChromatogramGraphDataSerie.m */ = {isa = PBXFileReference; fileEncoding = 30; lastKnownFileType = sourcecode.c.objc; path = ChromatogramGraphDataSerie.m; sourceTree = "<group>"; };
		C773669608E02D87002B72F1 /* SpectrumGraphDataSerie.h */ = {isa = PBXFileReference; fileEncoding = 30; lastKnownFileType = sourcecode.c.h; path = SpectrumGraphDataSerie.h; sourceTree = "<group>"; };
		C773669708E02D87002B72F1 /* SpectrumGraphDataSerie.m */ = {isa = PBXFileReference; fileEncoding = 30; lastKnownFileType = sourcecode.c.objc; path = SpectrumGraphDataSerie.m; sourceTree = "<group>"; };
		C7752C360B6778DA0010EE72 /* JKSearchResult.h */ = {isa = PBXFileReference; fileEncoding = 4; lastKnownFileType = sourcecode.c.h; path = JKSearchResult.h; sourceTree = "<group>"; };
		C7752C370B6778DA0010EE72 /* JKSearchResult.m */ = {isa = PBXFileReference; fileEncoding = 4; lastKnownFileType = sourcecode.c.objc; path = JKSearchResult.m; sourceTree = "<group>"; };
		C777A2C30A1DFEA800CF44D9 /* JKMoleculeView.h */ = {isa = PBXFileReference; fileEncoding = 30; lastKnownFileType = sourcecode.c.h; path = JKMoleculeView.h; sourceTree = "<group>"; };
		C777A2C40A1DFEA800CF44D9 /* JKMoleculeView.m */ = {isa = PBXFileReference; fileEncoding = 30; lastKnownFileType = sourcecode.c.objc; path = JKMoleculeView.m; sourceTree = "<group>"; };
		C777A2CC0A1DFEE400CF44D9 /* JKAtom.h */ = {isa = PBXFileReference; fileEncoding = 30; lastKnownFileType = sourcecode.c.h; path = JKAtom.h; sourceTree = "<group>"; };
		C777A2CD0A1DFEE400CF44D9 /* JKAtom.m */ = {isa = PBXFileReference; fileEncoding = 30; lastKnownFileType = sourcecode.c.objc; path = JKAtom.m; sourceTree = "<group>"; };
		C777A2CE0A1DFEE400CF44D9 /* JKBond.h */ = {isa = PBXFileReference; fileEncoding = 30; lastKnownFileType = sourcecode.c.h; path = JKBond.h; sourceTree = "<group>"; };
		C777A2CF0A1DFEE400CF44D9 /* JKBond.m */ = {isa = PBXFileReference; fileEncoding = 30; lastKnownFileType = sourcecode.c.objc; path = JKBond.m; sourceTree = "<group>"; };
		C777A2D00A1DFEE400CF44D9 /* JKMoleculeModel.h */ = {isa = PBXFileReference; fileEncoding = 30; lastKnownFileType = sourcecode.c.h; path = JKMoleculeModel.h; sourceTree = "<group>"; };
		C777A2D10A1DFEE400CF44D9 /* JKMoleculeModel.m */ = {isa = PBXFileReference; fileEncoding = 30; lastKnownFileType = sourcecode.c.objc; path = JKMoleculeModel.m; sourceTree = "<group>"; };
		C77C583009800FAD002E7796 /* English */ = {isa = PBXFileReference; lastKnownFileType = folder; name = English; path = "English.lproj/Peacock Help"; sourceTree = "<group>"; };
		C7834D1A0941ED37005431CD /* Carbon.framework */ = {isa = PBXFileReference; lastKnownFileType = wrapper.framework; name = Carbon.framework; path = /System/Library/Frameworks/Carbon.framework; sourceTree = "<absolute>"; };
		C7834D3C0941ED5C005431CD /* CoreFoundation.framework */ = {isa = PBXFileReference; lastKnownFileType = wrapper.framework; name = CoreFoundation.framework; path = /System/Library/Frameworks/CoreFoundation.framework; sourceTree = "<absolute>"; };
		C7834D430941ED7A005431CD /* Security.framework */ = {isa = PBXFileReference; lastKnownFileType = wrapper.framework; name = Security.framework; path = /System/Library/Frameworks/Security.framework; sourceTree = "<absolute>"; };
		C7834D490941EDAF005431CD /* libz.dylib */ = {isa = PBXFileReference; lastKnownFileType = "compiled.mach-o.dylib"; name = libz.dylib; path = /usr/lib/libz.dylib; sourceTree = "<absolute>"; };
		C7858FE90951E9990083EC22 /* JKStatisticalAnalysis.nib */ = {isa = PBXFileReference; lastKnownFileType = wrapper.nib; path = JKStatisticalAnalysis.nib; sourceTree = "<group>"; };
		C785905409541F250083EC22 /* JKStatisticsWindowController.h */ = {isa = PBXFileReference; fileEncoding = 4; lastKnownFileType = sourcecode.c.h; path = JKStatisticsWindowController.h; sourceTree = "<group>"; };
		C785905509541F250083EC22 /* JKStatisticsWindowController.m */ = {isa = PBXFileReference; lastKnownFileType = sourcecode.c.objc; path = JKStatisticsWindowController.m; sourceTree = "<group>"; };
		C78599A009CDBBAD00351C87 /* JKStatisticsDocument.h */ = {isa = PBXFileReference; fileEncoding = 4; lastKnownFileType = sourcecode.c.h; path = JKStatisticsDocument.h; sourceTree = "<group>"; };
		C78599A109CDBBAD00351C87 /* JKStatisticsDocument.m */ = {isa = PBXFileReference; fileEncoding = 4; lastKnownFileType = sourcecode.c.objc; path = JKStatisticsDocument.m; sourceTree = "<group>"; };
		C7859A9909CEBCE900351C87 /* Sparkle.framework */ = {isa = PBXFileReference; lastKnownFileType = wrapper.framework; name = Sparkle.framework; path = Frameworks/Sparkle.framework; sourceTree = "<group>"; };
		C79281D10B9F1CC100EDF996 /* NSEvent+ModifierKeys.h */ = {isa = PBXFileReference; fileEncoding = 4; lastKnownFileType = sourcecode.c.h; path = "NSEvent+ModifierKeys.h"; sourceTree = "<group>"; };
		C79281D20B9F1CC100EDF996 /* NSEvent+ModifierKeys.m */ = {isa = PBXFileReference; fileEncoding = 4; lastKnownFileType = sourcecode.c.objc; path = "NSEvent+ModifierKeys.m"; sourceTree = "<group>"; };
		C798C9E808E17B5400C6C7D1 /* DeleteTableView.h */ = {isa = PBXFileReference; fileEncoding = 4; lastKnownFileType = sourcecode.c.h; path = DeleteTableView.h; sourceTree = "<group>"; };
		C798C9E908E17B5400C6C7D1 /* DeleteTableView.m */ = {isa = PBXFileReference; fileEncoding = 4; lastKnownFileType = sourcecode.c.objc; path = DeleteTableView.m; sourceTree = "<group>"; };
		C799B0A70ACAB30D00D4FCA4 /* Identify Compounds.tiff */ = {isa = PBXFileReference; lastKnownFileType = image.tiff; path = "Identify Compounds.tiff"; sourceTree = "<group>"; };
		C799B0A80ACAB30D00D4FCA4 /* Identify Peaks.tiff */ = {isa = PBXFileReference; lastKnownFileType = image.tiff; path = "Identify Peaks.tiff"; sourceTree = "<group>"; };
		C799B0A90ACAB30D00D4FCA4 /* Identify Baseline.tiff */ = {isa = PBXFileReference; lastKnownFileType = image.tiff; path = "Identify Baseline.tiff"; sourceTree = "<group>"; };
		C79A614F094DBE3A00C0887E /* RBSplitSubview.h */ = {isa = PBXFileReference; fileEncoding = 30; lastKnownFileType = sourcecode.c.h; path = RBSplitSubview.h; sourceTree = "<group>"; };
		C79A6150094DBE3A00C0887E /* RBSplitSubview.m */ = {isa = PBXFileReference; fileEncoding = 30; lastKnownFileType = sourcecode.c.objc; path = RBSplitSubview.m; sourceTree = "<group>"; };
		C79A6151094DBE3A00C0887E /* RBSplitView.h */ = {isa = PBXFileReference; fileEncoding = 30; lastKnownFileType = sourcecode.c.h; path = RBSplitView.h; sourceTree = "<group>"; };
		C79A6152094DBE3A00C0887E /* RBSplitView.m */ = {isa = PBXFileReference; fileEncoding = 30; lastKnownFileType = sourcecode.c.objc; path = RBSplitView.m; sourceTree = "<group>"; };
		C79A6153094DBE3A00C0887E /* RBSplitViewPrivateDefines.h */ = {isa = PBXFileReference; fileEncoding = 30; lastKnownFileType = sourcecode.c.h; path = RBSplitViewPrivateDefines.h; sourceTree = "<group>"; };
		C7A7BB2D0A9DE5D3005E3778 /* library_document.icns */ = {isa = PBXFileReference; lastKnownFileType = image.icns; path = library_document.icns; sourceTree = "<group>"; };
		C7A7BB2E0A9DE5D3005E3778 /* atlas_document.icns */ = {isa = PBXFileReference; lastKnownFileType = image.icns; path = atlas_document.icns; sourceTree = "<group>"; };
		C7A7BB300A9DE5D3005E3778 /* peacock_document.icns */ = {isa = PBXFileReference; lastKnownFileType = image.icns; path = peacock_document.icns; sourceTree = "<group>"; };
		C7A7BB310A9DE5D3005E3778 /* peacock_preferences.icns */ = {isa = PBXFileReference; lastKnownFileType = image.icns; path = peacock_preferences.icns; sourceTree = "<group>"; };
		C7A7BB320A9DE5D3005E3778 /* andi_document.icns */ = {isa = PBXFileReference; lastKnownFileType = image.icns; path = andi_document.icns; sourceTree = "<group>"; };
		C7A7BB330A9DE5D3005E3778 /* aia_document.icns */ = {isa = PBXFileReference; lastKnownFileType = image.icns; path = aia_document.icns; sourceTree = "<group>"; };
		C7A7BB340A9DE5D3005E3778 /* netcdf_document.icns */ = {isa = PBXFileReference; lastKnownFileType = image.icns; path = netcdf_document.icns; sourceTree = "<group>"; };
		C7A7BB350A9DE5D3005E3778 /* hpchem_document.icns */ = {isa = PBXFileReference; lastKnownFileType = image.icns; path = hpchem_document.icns; sourceTree = "<group>"; };
		C7A7BB360A9DE5D3005E3778 /* peacock_application.icns */ = {isa = PBXFileReference; lastKnownFileType = image.icns; path = peacock_application.icns; sourceTree = "<group>"; };
		C7A7BB480A9DE6E0005E3778 /* question_mark.tiff */ = {isa = PBXFileReference; lastKnownFileType = image.tiff; path = question_mark.tiff; sourceTree = "<group>"; };
		C7A7BB490A9DE6E0005E3778 /* zoom_out.tiff */ = {isa = PBXFileReference; lastKnownFileType = image.tiff; path = zoom_out.tiff; sourceTree = "<group>"; };
		C7A7BB4A0A9DE6E0005E3778 /* processing.tiff */ = {isa = PBXFileReference; lastKnownFileType = image.tiff; path = processing.tiff; sourceTree = "<group>"; };
		C7A7BB4B0A9DE6E0005E3778 /* info.icns */ = {isa = PBXFileReference; lastKnownFileType = image.icns; path = info.icns; sourceTree = "<group>"; };
		C7A7BB4C0A9DE6E0005E3778 /* general.tiff */ = {isa = PBXFileReference; lastKnownFileType = image.tiff; path = general.tiff; sourceTree = "<group>"; };
		C7A7BB4D0A9DE6E0005E3778 /* find.icns */ = {isa = PBXFileReference; lastKnownFileType = image.icns; path = find.icns; sourceTree = "<group>"; };
		C7A7BB4E0A9DE6E0005E3778 /* zoom_in.tiff */ = {isa = PBXFileReference; lastKnownFileType = image.tiff; path = zoom_in.tiff; sourceTree = "<group>"; };
		C7A7BB4F0A9DE6E0005E3778 /* text.tiff */ = {isa = PBXFileReference; lastKnownFileType = image.tiff; path = text.tiff; sourceTree = "<group>"; };
		C7A7BB500A9DE6E0005E3778 /* zoom.tiff */ = {isa = PBXFileReference; lastKnownFileType = image.tiff; path = zoom.tiff; sourceTree = "<group>"; };
		C7A7BB510A9DE6E0005E3778 /* display.tiff */ = {isa = PBXFileReference; lastKnownFileType = image.tiff; path = display.tiff; sourceTree = "<group>"; };
		C7A7BB520A9DE6E0005E3778 /* warning.tiff */ = {isa = PBXFileReference; lastKnownFileType = image.tiff; path = warning.tiff; sourceTree = "<group>"; };
		C7A7BB530A9DE6E0005E3778 /* layout.tiff */ = {isa = PBXFileReference; lastKnownFileType = image.tiff; path = layout.tiff; sourceTree = "<group>"; };
		C7A7BB540A9DE6E0005E3778 /* save_document.tiff */ = {isa = PBXFileReference; lastKnownFileType = image.tiff; path = save_document.tiff; sourceTree = "<group>"; };
		C7AD38AB08B2A0D600A0F4BE /* FilteringDNDArrayController.h */ = {isa = PBXFileReference; fileEncoding = 30; lastKnownFileType = sourcecode.c.h; path = FilteringDNDArrayController.h; sourceTree = "<group>"; };
		C7AD38AC08B2A0D600A0F4BE /* FilteringDNDArrayController.m */ = {isa = PBXFileReference; fileEncoding = 30; lastKnownFileType = sourcecode.c.objc; path = FilteringDNDArrayController.m; sourceTree = "<group>"; };
		C7B9BA2C0AA881AE00250EFE /* view.tiff */ = {isa = PBXFileReference; lastKnownFileType = image.tiff; path = view.tiff; sourceTree = "<group>"; };
		C7BC505109A62C930093106E /* JKLog.h */ = {isa = PBXFileReference; fileEncoding = 4; lastKnownFileType = sourcecode.c.h; path = JKLog.h; sourceTree = "<group>"; };
		C7BC505209A62C930093106E /* JKLog.m */ = {isa = PBXFileReference; fileEncoding = 4; lastKnownFileType = sourcecode.c.objc; path = JKLog.m; sourceTree = "<group>"; };
		C7BDA6BF0AF8B40E003513C7 /* FontNameToDisplayNameTransformer.m */ = {isa = PBXFileReference; fileEncoding = 30; lastKnownFileType = sourcecode.c.objc; path = FontNameToDisplayNameTransformer.m; sourceTree = "<group>"; };
		C7BDA6C00AF8B40E003513C7 /* FontNameToDisplayNameTransformer.h */ = {isa = PBXFileReference; fileEncoding = 30; lastKnownFileType = sourcecode.c.h; path = FontNameToDisplayNameTransformer.h; sourceTree = "<group>"; };
		C7C21FC50A5060E2006E82FD /* Peacock.sdef */ = {isa = PBXFileReference; fileEncoding = 30; lastKnownFileType = text.sdef; path = Peacock.sdef; sourceTree = "<group>"; };
		C7C299880B8B48CC0017B2B2 /* ArrayEncodingObject.h */ = {isa = PBXFileReference; fileEncoding = 4; lastKnownFileType = sourcecode.c.h; path = ArrayEncodingObject.h; sourceTree = "<group>"; };
		C7C299890B8B48CC0017B2B2 /* ArrayEncodingObject.m */ = {isa = PBXFileReference; fileEncoding = 4; lastKnownFileType = sourcecode.c.objc; path = ArrayEncodingObject.m; sourceTree = "<group>"; };
		C7C2998E0B8B4B0F0017B2B2 /* NSKeyedArchiver+CArrayEncoding.h */ = {isa = PBXFileReference; fileEncoding = 4; lastKnownFileType = sourcecode.c.h; path = "NSKeyedArchiver+CArrayEncoding.h"; sourceTree = "<group>"; };
		C7C2998F0B8B4B0F0017B2B2 /* NSKeyedArchiver+CArrayEncoding.m */ = {isa = PBXFileReference; fileEncoding = 4; lastKnownFileType = sourcecode.c.objc; path = "NSKeyedArchiver+CArrayEncoding.m"; sourceTree = "<group>"; };
		C7C29ABB0B8B67530017B2B2 /* NSCoder+CArrayEncoding.h */ = {isa = PBXFileReference; fileEncoding = 4; lastKnownFileType = sourcecode.c.h; path = "NSCoder+CArrayEncoding.h"; sourceTree = "<group>"; };
		C7C29ABC0B8B67540017B2B2 /* NSCoder+CArrayEncoding.m */ = {isa = PBXFileReference; fileEncoding = 4; lastKnownFileType = sourcecode.c.objc; path = "NSCoder+CArrayEncoding.m"; sourceTree = "<group>"; };
		C7D7D6680B7203AF004ABEB5 /* NSBezierPath+RoundRect.h */ = {isa = PBXFileReference; fileEncoding = 30; lastKnownFileType = sourcecode.c.h; path = "NSBezierPath+RoundRect.h"; sourceTree = "<group>"; };
		C7D7D6690B7203AF004ABEB5 /* NSBezierPath+RoundRect.m */ = {isa = PBXFileReference; fileEncoding = 30; lastKnownFileType = sourcecode.c.objc; path = "NSBezierPath+RoundRect.m"; sourceTree = "<group>"; };
		C7E5B1D20A14934200BB2291 /* BDAlias.h */ = {isa = PBXFileReference; fileEncoding = 30; lastKnownFileType = sourcecode.c.h; path = BDAlias.h; sourceTree = "<group>"; };
		C7E5B1D30A14934200BB2291 /* BDAlias.m */ = {isa = PBXFileReference; fileEncoding = 30; lastKnownFileType = sourcecode.c.objc; path = BDAlias.m; sourceTree = "<group>"; };
		C7EB17A60898CF2D007FC2ED /* AccessorMacros.h */ = {isa = PBXFileReference; lastKnownFileType = sourcecode.c.h; path = AccessorMacros.h; sourceTree = "<group>"; };
		C7EB17A70898CF2D007FC2ED /* CAtom.h */ = {isa = PBXFileReference; lastKnownFileType = sourcecode.c.h; path = CAtom.h; sourceTree = "<group>"; };
		C7EB17A80898CF2D007FC2ED /* CAtom.m */ = {isa = PBXFileReference; lastKnownFileType = sourcecode.c.objc; path = CAtom.m; sourceTree = "<group>"; };
		C7EB17A90898CF2D007FC2ED /* CFragment.h */ = {isa = PBXFileReference; lastKnownFileType = sourcecode.c.h; path = CFragment.h; sourceTree = "<group>"; };
		C7EB17AA0898CF2E007FC2ED /* CFragment.m */ = {isa = PBXFileReference; lastKnownFileType = sourcecode.c.objc; path = CFragment.m; sourceTree = "<group>"; };
		C7EB17AB0898CF2E007FC2ED /* CMutableArray.h */ = {isa = PBXFileReference; lastKnownFileType = sourcecode.c.h; path = CMutableArray.h; sourceTree = "<group>"; };
		C7EB17AC0898CF2E007FC2ED /* CMutableArray.m */ = {isa = PBXFileReference; lastKnownFileType = sourcecode.c.objc; path = CMutableArray.m; sourceTree = "<group>"; };
		C7EB17AE0898CF2E007FC2ED /* libnetcdf.a */ = {isa = PBXFileReference; lastKnownFileType = archive.ar; name = libnetcdf.a; path = Frameworks/libnetcdf.a; sourceTree = "<group>"; };
		C7EB17AF0898CF2E007FC2ED /* netcdf.h */ = {isa = PBXFileReference; lastKnownFileType = sourcecode.c.h; name = netcdf.h; path = Frameworks/netcdf.h; sourceTree = "<group>"; };
		C7EB17CE0898CF2E007FC2ED /* JKAppDelegate.h */ = {isa = PBXFileReference; lastKnownFileType = sourcecode.c.h; path = JKAppDelegate.h; sourceTree = "<group>"; };
		C7EB17CF0898CF2E007FC2ED /* JKAppDelegate.m */ = {isa = PBXFileReference; lastKnownFileType = sourcecode.c.objc; path = JKAppDelegate.m; sourceTree = "<group>"; };
		C7EB17D40898CF2E007FC2ED /* JKLibrary.h */ = {isa = PBXFileReference; lastKnownFileType = sourcecode.c.h; path = JKLibrary.h; sourceTree = "<group>"; };
		C7EB17D50898CF2E007FC2ED /* JKLibrary.m */ = {isa = PBXFileReference; lastKnownFileType = sourcecode.c.objc; path = JKLibrary.m; sourceTree = "<group>"; };
		C7EB17D80898CF2E007FC2ED /* JKLibraryWindowController.h */ = {isa = PBXFileReference; lastKnownFileType = sourcecode.c.h; path = JKLibraryWindowController.h; sourceTree = "<group>"; };
		C7EB17D90898CF2E007FC2ED /* JKLibraryWindowController.m */ = {isa = PBXFileReference; lastKnownFileType = sourcecode.c.objc; path = JKLibraryWindowController.m; sourceTree = "<group>"; };
		C7EB17DC0898CF2E007FC2ED /* JKMainWindowController.h */ = {isa = PBXFileReference; lastKnownFileType = sourcecode.c.h; path = JKMainWindowController.h; sourceTree = "<group>"; };
		C7EB17DD0898CF2E007FC2ED /* JKMainWindowController.m */ = {isa = PBXFileReference; lastKnownFileType = sourcecode.c.objc; path = JKMainWindowController.m; sourceTree = "<group>"; };
		C7EB17DE0898CF2E007FC2ED /* JKPanelController.h */ = {isa = PBXFileReference; lastKnownFileType = sourcecode.c.h; path = JKPanelController.h; sourceTree = "<group>"; };
		C7EB17DF0898CF2E007FC2ED /* JKPanelController.m */ = {isa = PBXFileReference; lastKnownFileType = sourcecode.c.objc; path = JKPanelController.m; sourceTree = "<group>"; };
		C7EB17E40898CF2F007FC2ED /* JKPeakRecord.h */ = {isa = PBXFileReference; lastKnownFileType = sourcecode.c.h; path = JKPeakRecord.h; sourceTree = "<group>"; };
		C7EB17E50898CF2F007FC2ED /* JKPeakRecord.m */ = {isa = PBXFileReference; lastKnownFileType = sourcecode.c.objc; path = JKPeakRecord.m; sourceTree = "<group>"; };
		C7EB17E80898CF2F007FC2ED /* JKPreferencesWindowController.h */ = {isa = PBXFileReference; lastKnownFileType = sourcecode.c.h; path = JKPreferencesWindowController.h; sourceTree = "<group>"; };
		C7EB17E90898CF2F007FC2ED /* JKPreferencesWindowController.m */ = {isa = PBXFileReference; lastKnownFileType = sourcecode.c.objc; path = JKPreferencesWindowController.m; sourceTree = "<group>"; };
		C7EB17EA0898CF2F007FC2ED /* JKSpectrum.h */ = {isa = PBXFileReference; lastKnownFileType = sourcecode.c.h; path = JKSpectrum.h; sourceTree = "<group>"; };
		C7EB17EB0898CF2F007FC2ED /* JKSpectrum.m */ = {isa = PBXFileReference; lastKnownFileType = sourcecode.c.objc; path = JKSpectrum.m; sourceTree = "<group>"; };
		C7EB17F00898CFBC007FC2ED /* MolTypes.c */ = {isa = PBXFileReference; fileEncoding = 30; lastKnownFileType = sourcecode.c.c; path = MolTypes.c; sourceTree = "<group>"; };
		C7EB17F10898CFBC007FC2ED /* MolTypes.h */ = {isa = PBXFileReference; fileEncoding = 30; lastKnownFileType = sourcecode.c.h; path = MolTypes.h; sourceTree = "<group>"; };
		C7EB17F20898CFBC007FC2ED /* MolWeight.h */ = {isa = PBXFileReference; fileEncoding = 30; lastKnownFileType = sourcecode.c.h; path = MolWeight.h; sourceTree = "<group>"; };
		C7EB17F40898CFBC007FC2ED /* MWController.m */ = {isa = PBXFileReference; fileEncoding = 30; lastKnownFileType = sourcecode.c.objc; path = MWController.m; sourceTree = "<group>"; };
		C7EB17F50898CFBC007FC2ED /* MyGraphDataSerie.h */ = {isa = PBXFileReference; fileEncoding = 30; lastKnownFileType = sourcecode.c.h; path = MyGraphDataSerie.h; sourceTree = "<group>"; };
		C7EB17F60898CFBC007FC2ED /* MyGraphDataSerie.m */ = {isa = PBXFileReference; fileEncoding = 30; lastKnownFileType = sourcecode.c.objc; path = MyGraphDataSerie.m; sourceTree = "<group>"; };
		C7EB17F70898CFBC007FC2ED /* MyGraphView.h */ = {isa = PBXFileReference; fileEncoding = 30; lastKnownFileType = sourcecode.c.h; path = MyGraphView.h; sourceTree = "<group>"; };
		C7EB17F80898CFBC007FC2ED /* MyGraphView.m */ = {isa = PBXFileReference; fileEncoding = 30; lastKnownFileType = sourcecode.c.objc; path = MyGraphView.m; sourceTree = "<group>"; };
		C7EB17FA0898CFBC007FC2ED /* JKLibrary.nib */ = {isa = PBXFileReference; lastKnownFileType = wrapper.nib; path = JKLibrary.nib; sourceTree = "<group>"; };
		C7EB17FB0898CFBD007FC2ED /* JKGCMSDocument.nib */ = {isa = PBXFileReference; lastKnownFileType = wrapper.nib; path = JKGCMSDocument.nib; sourceTree = "<group>"; };
		C7EB17FC0898CFBD007FC2ED /* JKMainMenu.nib */ = {isa = PBXFileReference; lastKnownFileType = wrapper.nib; path = JKMainMenu.nib; sourceTree = "<group>"; };
		C7EB17FD0898CFBD007FC2ED /* JKMolWeight.nib */ = {isa = PBXFileReference; lastKnownFileType = wrapper.nib; path = JKMolWeight.nib; sourceTree = "<group>"; };
		C7EB17FE0898CFBD007FC2ED /* JKPanel.nib */ = {isa = PBXFileReference; lastKnownFileType = wrapper.nib; path = JKPanel.nib; sourceTree = "<group>"; };
		C7EB17FF0898CFBD007FC2ED /* JKPeakIdentification.nib */ = {isa = PBXFileReference; lastKnownFileType = wrapper.nib; path = JKPeakIdentification.nib; sourceTree = "<group>"; };
		C7EB18010898CFBD007FC2ED /* JKPreferences.nib */ = {isa = PBXFileReference; lastKnownFileType = wrapper.nib; path = JKPreferences.nib; sourceTree = "<group>"; };
		C7EB18060898CFBD007FC2ED /* Parseable.h */ = {isa = PBXFileReference; fileEncoding = 30; lastKnownFileType = sourcecode.c.h; path = Parseable.h; sourceTree = "<group>"; };
		C7EB180A0898CFBD007FC2ED /* License.rtf */ = {isa = PBXFileReference; lastKnownFileType = text.rtf; path = License.rtf; sourceTree = "<group>"; };
		C7EB180D0898CFBD007FC2ED /* periodic.table */ = {isa = PBXFileReference; fileEncoding = 30; lastKnownFileType = text; path = periodic.table; sourceTree = "<group>"; };
		C7EB180E0898CFBD007FC2ED /* ReadMe.rtf */ = {isa = PBXFileReference; lastKnownFileType = text.rtf; path = ReadMe.rtf; sourceTree = "<group>"; };
		C7F0D0550B11D9030046F994 /* MWController.h */ = {isa = PBXFileReference; fileEncoding = 30; lastKnownFileType = sourcecode.c.h; path = MWController.h; sourceTree = "<group>"; };
		C7F0D3B10B1497D40046F994 /* NSTableView+Copying.h */ = {isa = PBXFileReference; fileEncoding = 4; lastKnownFileType = sourcecode.c.h; path = "NSTableView+Copying.h"; sourceTree = "<group>"; };
		C7F0D3B20B1497D40046F994 /* NSTableView+Copying.m */ = {isa = PBXFileReference; fileEncoding = 4; lastKnownFileType = sourcecode.c.objc; path = "NSTableView+Copying.m"; sourceTree = "<group>"; };
		C7F5E8F308EAA98600AC1068 /* JKLibraryEntry.h */ = {isa = PBXFileReference; fileEncoding = 4; lastKnownFileType = sourcecode.c.h; path = JKLibraryEntry.h; sourceTree = "<group>"; };
		C7F5E8F408EAA98600AC1068 /* JKLibraryEntry.m */ = {isa = PBXFileReference; fileEncoding = 4; lastKnownFileType = sourcecode.c.objc; path = JKLibraryEntry.m; sourceTree = "<group>"; };
		C7F8973E0A188B0D00A65A24 /* JKPathPopUpButton.h */ = {isa = PBXFileReference; fileEncoding = 4; lastKnownFileType = sourcecode.c.h; path = JKPathPopUpButton.h; sourceTree = "<group>"; };
		C7F8973F0A188B0D00A65A24 /* JKPathPopUpButton.m */ = {isa = PBXFileReference; fileEncoding = 4; lastKnownFileType = sourcecode.c.objc; path = JKPathPopUpButton.m; sourceTree = "<group>"; };
		C7FBE1E30AB6F1A4000E7EF2 /* presets.png */ = {isa = PBXFileReference; lastKnownFileType = image.png; path = presets.png; sourceTree = "<group>"; };
/* End PBXFileReference section */

/* Begin PBXFrameworksBuildPhase section */
		8D15AC330486D014006FF6A4 /* Frameworks */ = {
			isa = PBXFrameworksBuildPhase;
			buildActionMask = 2147483647;
			files = (
				8D15AC340486D014006FF6A4 /* Cocoa.framework in Frameworks */,
				C7EB185B0898D20E007FC2ED /* libnetcdf.a in Frameworks */,
				C7834D1B0941ED37005431CD /* Carbon.framework in Frameworks */,
				C7834D3D0941ED5C005431CD /* CoreFoundation.framework in Frameworks */,
				C7834D440941ED7A005431CD /* Security.framework in Frameworks */,
				C7834D4A0941EDAF005431CD /* libz.dylib in Frameworks */,
				C70DB7620957141800C2B386 /* libnetcdf.a in Frameworks */,
				C70DB7640957141800C2B386 /* Cocoa.framework in Frameworks */,
				C70DB7650957141800C2B386 /* libz.dylib in Frameworks */,
				C70DB7660957141800C2B386 /* Security.framework in Frameworks */,
				C70DB7670957141800C2B386 /* CoreFoundation.framework in Frameworks */,
				C70DB7680957141800C2B386 /* Carbon.framework in Frameworks */,
				C70DB7690957141800C2B386 /* AppKit.framework in Frameworks */,
				C70DB76A0957141800C2B386 /* Foundation.framework in Frameworks */,
				C71D9FCC099CD19D007EB10D /* Growl.framework in Frameworks */,
				C7859AAC09CEBCE900351C87 /* Sparkle.framework in Frameworks */,
				C716B4BD0AD6AA8F00DA408E /* CoreData.framework in Frameworks */,
			);
			runOnlyForDeploymentPostprocessing = 0;
		};
		C72C84FD098BE74300CEF565 /* Frameworks */ = {
			isa = PBXFrameworksBuildPhase;
			buildActionMask = 2147483647;
			files = (
			);
			runOnlyForDeploymentPostprocessing = 0;
		};
/* End PBXFrameworksBuildPhase section */

/* Begin PBXGroup section */
		1058C7A6FEA54F5311CA2CBB /* Linked Frameworks */ = {
			isa = PBXGroup;
			children = (
				C7859A9909CEBCE900351C87 /* Sparkle.framework */,
				C71D9FCB099CD19D007EB10D /* Growl.framework */,
				1058C7A7FEA54F5311CA2CBB /* Cocoa.framework */,
				C7834D490941EDAF005431CD /* libz.dylib */,
				C7834D430941ED7A005431CD /* Security.framework */,
				C7834D3C0941ED5C005431CD /* CoreFoundation.framework */,
				C7834D1A0941ED37005431CD /* Carbon.framework */,
			);
			name = "Linked Frameworks";
			sourceTree = "<group>";
		};
		1058C7A8FEA54F5311CA2CBB /* Other Frameworks */ = {
			isa = PBXGroup;
			children = (
				C716B4AD0AD6AA8F00DA408E /* CoreData.framework */,
				2A37F4C4FDCFA73011CA2CEA /* AppKit.framework */,
				2A37F4C5FDCFA73011CA2CEA /* Foundation.framework */,
			);
			name = "Other Frameworks";
			sourceTree = "<group>";
		};
		19C28FB0FE9D524F11CA2CBB /* Products */ = {
			isa = PBXGroup;
			children = (
				8D15AC370486D014006FF6A4 /* Peacock.app */,
				C72C8500098BE74300CEF565 /* Unit Testing.octest */,
			);
			name = Products;
			sourceTree = "<group>";
		};
		2A37F4AAFDCFA73011CA2CEA /* Peacock */ = {
			isa = PBXGroup;
			children = (
				2A37F4ABFDCFA73011CA2CEA /* Views */,
				C773290908CA610700222B5B /* Controllers */,
				C773290B08CA614200222B5B /* Models */,
				C72C85C8098BF12600CEF565 /* Tests */,
				2A37F4AFFDCFA73011CA2CEA /* Other Sources */,
				2A37F4B8FDCFA73011CA2CEA /* Resources */,
				2A37F4C3FDCFA73011CA2CEA /* Frameworks */,
				19C28FB0FE9D524F11CA2CBB /* Products */,
				C72C8501098BE74400CEF565 /* Unit Testing-Info.plist */,
			);
			name = Peacock;
			sourceTree = "<group>";
		};
		2A37F4ABFDCFA73011CA2CEA /* Views */ = {
			isa = PBXGroup;
			children = (
				C747B83409DD5638004837D0 /* GraphView */,
				C747B85309DD5782004837D0 /* TableView */,
				C777A2C90A1DFEAD00CF44D9 /* JKMoleculeView */,
				C777A2B70A1DFE7D00CF44D9 /* JKPathPopUpButton */,
				C7F0D3B10B1497D40046F994 /* NSTableView+Copying.h */,
				C7F0D3B20B1497D40046F994 /* NSTableView+Copying.m */,
			);
			name = Views;
			sourceTree = "<group>";
		};
		2A37F4AFFDCFA73011CA2CEA /* Other Sources */ = {
			isa = PBXGroup;
			children = (
				C7BDA6C00AF8B40E003513C7 /* FontNameToDisplayNameTransformer.h */,
				C7BDA6BF0AF8B40E003513C7 /* FontNameToDisplayNameTransformer.m */,
				C7E5B1C50A14930600BB2291 /* BDAlias */,
				C773290A08CA612600222B5B /* MolWeight */,
				C79A6157094DBE4000C0887E /* RBSplitView */,
				C7834D4E0941F3C2005431CD /* Smart Crash */,
				C7EB17A60898CF2D007FC2ED /* AccessorMacros.h */,
				32DBCF750370BD2300C91783 /* Peacock_Prefix.pch */,
				C720AB8609EA7B6C007EF860 /* jk_statistics.h */,
				C720AB8709EA7B6C007EF860 /* jk_statistics.c */,
				C7BC505109A62C930093106E /* JKLog.h */,
				C7BC505209A62C930093106E /* JKLog.m */,
				2A37F4B0FDCFA73011CA2CEA /* main.m */,
				C79281D10B9F1CC100EDF996 /* NSEvent+ModifierKeys.h */,
				C79281D20B9F1CC100EDF996 /* NSEvent+ModifierKeys.m */,
			);
			name = "Other Sources";
			sourceTree = "<group>";
		};
		2A37F4B8FDCFA73011CA2CEA /* Resources */ = {
			isa = PBXGroup;
			children = (
				C747ED320ABF43C6001F98AF /* Peacock Test Files */,
				C7C21FC50A5060E2006E82FD /* Peacock.sdef */,
				C7EB17B00898CF2E007FC2ED /* Icons */,
				C7EB17C00898CF2E007FC2ED /* Images */,
				C7EB17F90898CFBC007FC2ED /* Nibs */,
				C7EB18070898CFBD007FC2ED /* Text */,
				C77C582F09800FAD002E7796 /* Peacock Help */,
			);
			name = Resources;
			sourceTree = "<group>";
		};
		2A37F4C3FDCFA73011CA2CEA /* Frameworks */ = {
			isa = PBXGroup;
			children = (
				C7EB17AF0898CF2E007FC2ED /* netcdf.h */,
				C7EB17AE0898CF2E007FC2ED /* libnetcdf.a */,
				1058C7A6FEA54F5311CA2CBB /* Linked Frameworks */,
				1058C7A8FEA54F5311CA2CBB /* Other Frameworks */,
			);
			name = Frameworks;
			sourceTree = "<group>";
		};
		C72C85C8098BF12600CEF565 /* Tests */ = {
			isa = PBXGroup;
			children = (
				C72C85D5098BF1B800CEF565 /* JKGeneralTesting.h */,
				C72C85D6098BF1B800CEF565 /* JKGeneralTesting.m */,
				C72C8507098BE83600CEF565 /* JKSpectrumTest.h */,
				C72C8508098BE83600CEF565 /* JKSpectrumTest.m */,
				C73533D00B7A703C00F7634B /* JKChromatogramTest.h */,
				C73533D10B7A703C00F7634B /* JKChromatogramTest.m */,
			);
			name = Tests;
			sourceTree = "<group>";
		};
		C747B83409DD5638004837D0 /* GraphView */ = {
			isa = PBXGroup;
			children = (
				C7EB17F70898CFBC007FC2ED /* MyGraphView.h */,
				C7EB17F80898CFBC007FC2ED /* MyGraphView.m */,
				C7EB17F50898CFBC007FC2ED /* MyGraphDataSerie.h */,
				C7EB17F60898CFBC007FC2ED /* MyGraphDataSerie.m */,
				C773669408E02D87002B72F1 /* ChromatogramGraphDataSerie.h */,
				C773669508E02D87002B72F1 /* ChromatogramGraphDataSerie.m */,
				C773669608E02D87002B72F1 /* SpectrumGraphDataSerie.h */,
				C773669708E02D87002B72F1 /* SpectrumGraphDataSerie.m */,
			);
			name = GraphView;
			sourceTree = "<group>";
		};
		C747B83909DD5684004837D0 /* MainDocument */ = {
			isa = PBXGroup;
			children = (
				C7C2998E0B8B4B0F0017B2B2 /* NSKeyedArchiver+CArrayEncoding.h */,
				C7C2998F0B8B4B0F0017B2B2 /* NSKeyedArchiver+CArrayEncoding.m */,
				C7C29ABB0B8B67530017B2B2 /* NSCoder+CArrayEncoding.h */,
				C7C29ABC0B8B67540017B2B2 /* NSCoder+CArrayEncoding.m */,
				C7C299880B8B48CC0017B2B2 /* ArrayEncodingObject.h */,
				C7C299890B8B48CC0017B2B2 /* ArrayEncodingObject.m */,
				C729CAA70A4B45CD00FAB04F /* JKDataModelProxy.h */,
				C729CAA80A4B45CD00FAB04F /* JKDataModelProxy.m */,
				C715DEB30A136AD200348AB5 /* JKGCMSDocument.h */,
				C715DECE0A136B2F00348AB5 /* JKGCMSDocument.m */,
				C73290E00AD68F9800D95E36 /* JKChromatogram.h */,
				C73290E10AD68F9800D95E36 /* JKChromatogram.m */,
				C7EB17E40898CF2F007FC2ED /* JKPeakRecord.h */,
				C7EB17E50898CF2F007FC2ED /* JKPeakRecord.m */,
				C7EB17EA0898CF2F007FC2ED /* JKSpectrum.h */,
				C7EB17EB0898CF2F007FC2ED /* JKSpectrum.m */,
				C7752C360B6778DA0010EE72 /* JKSearchResult.h */,
				C7752C370B6778DA0010EE72 /* JKSearchResult.m */,
			);
			name = MainDocument;
			sourceTree = "<group>";
		};
		C747B83E09DD56A4004837D0 /* LibraryDocument */ = {
			isa = PBXGroup;
			children = (
				C7EB17D40898CF2E007FC2ED /* JKLibrary.h */,
				C7EB17D50898CF2E007FC2ED /* JKLibrary.m */,
				C7F5E8F308EAA98600AC1068 /* JKLibraryEntry.h */,
				C7F5E8F408EAA98600AC1068 /* JKLibraryEntry.m */,
			);
			name = LibraryDocument;
			sourceTree = "<group>";
		};
		C747B84109DD56BD004837D0 /* StasticsDocument */ = {
			isa = PBXGroup;
			children = (
				C78599A009CDBBAD00351C87 /* JKStatisticsDocument.h */,
				C78599A109CDBBAD00351C87 /* JKStatisticsDocument.m */,
				C70DB8EB09573BEA00C2B386 /* JKRatio.h */,
				C70DB8EC09573BEA00C2B386 /* JKRatio.m */,
				C708E90A0B9D953A0085872E /* JKCombinedPeak.h */,
				C708E90B0B9D953A0085872E /* JKCombinedPeak.m */,
			);
			name = StasticsDocument;
			sourceTree = "<group>";
		};
		C747B84409DD5704004837D0 /* MainWindow */ = {
			isa = PBXGroup;
			children = (
				C7EB17DC0898CF2E007FC2ED /* JKMainWindowController.h */,
				C7EB17DD0898CF2E007FC2ED /* JKMainWindowController.m */,
				C7EB17DE0898CF2E007FC2ED /* JKPanelController.h */,
				C7EB17DF0898CF2E007FC2ED /* JKPanelController.m */,
			);
			name = MainWindow;
			sourceTree = "<group>";
		};
		C747B84709DD571D004837D0 /* ApplicationLevel */ = {
			isa = PBXGroup;
			children = (
				C7EB17CE0898CF2E007FC2ED /* JKAppDelegate.h */,
				C7EB17CF0898CF2E007FC2ED /* JKAppDelegate.m */,
				C7EB17E80898CF2F007FC2ED /* JKPreferencesWindowController.h */,
				C7EB17E90898CF2F007FC2ED /* JKPreferencesWindowController.m */,
			);
			name = ApplicationLevel;
			sourceTree = "<group>";
		};
		C747B84A09DD5742004837D0 /* LibraryWindow */ = {
			isa = PBXGroup;
			children = (
				C7EB17D80898CF2E007FC2ED /* JKLibraryWindowController.h */,
				C7EB17D90898CF2E007FC2ED /* JKLibraryWindowController.m */,
				C7AD38AB08B2A0D600A0F4BE /* FilteringDNDArrayController.h */,
				C7AD38AC08B2A0D600A0F4BE /* FilteringDNDArrayController.m */,
			);
			name = LibraryWindow;
			sourceTree = "<group>";
		};
		C747B84D09DD575C004837D0 /* BatchWindow */ = {
			isa = PBXGroup;
			children = (
				C7713B410950368F00653D2A /* JKBatchProcessWindowController.h */,
				C7713B420950368F00653D2A /* JKBatchProcessWindowController.m */,
			);
			name = BatchWindow;
			sourceTree = "<group>";
		};
		C747B85009DD576B004837D0 /* StatisticsWindow */ = {
			isa = PBXGroup;
			children = (
				C785905409541F250083EC22 /* JKStatisticsWindowController.h */,
				C785905509541F250083EC22 /* JKStatisticsWindowController.m */,
			);
			name = StatisticsWindow;
			sourceTree = "<group>";
		};
		C747B85309DD5782004837D0 /* TableView */ = {
			isa = PBXGroup;
			children = (
				C798C9E808E17B5400C6C7D1 /* DeleteTableView.h */,
				C798C9E908E17B5400C6C7D1 /* DeleteTableView.m */,
			);
			name = TableView;
			sourceTree = "<group>";
		};
		C773290908CA610700222B5B /* Controllers */ = {
			isa = PBXGroup;
			children = (
				C747B84409DD5704004837D0 /* MainWindow */,
				C747B84709DD571D004837D0 /* ApplicationLevel */,
				C747B84A09DD5742004837D0 /* LibraryWindow */,
				C747B84D09DD575C004837D0 /* BatchWindow */,
				C747B85009DD576B004837D0 /* StatisticsWindow */,
			);
			name = Controllers;
			sourceTree = "<group>";
		};
		C773290A08CA612600222B5B /* MolWeight */ = {
			isa = PBXGroup;
			children = (
				C7EB17A70898CF2D007FC2ED /* CAtom.h */,
				C7EB17A80898CF2D007FC2ED /* CAtom.m */,
				C7EB17A90898CF2D007FC2ED /* CFragment.h */,
				C7EB17AA0898CF2E007FC2ED /* CFragment.m */,
				C7EB17AB0898CF2E007FC2ED /* CMutableArray.h */,
				C7EB17AC0898CF2E007FC2ED /* CMutableArray.m */,
				C7EB17F00898CFBC007FC2ED /* MolTypes.c */,
				C7EB17F10898CFBC007FC2ED /* MolTypes.h */,
				C7EB17F20898CFBC007FC2ED /* MolWeight.h */,
				C7EB17F40898CFBC007FC2ED /* MWController.m */,
				C7F0D0550B11D9030046F994 /* MWController.h */,
				C7EB18060898CFBD007FC2ED /* Parseable.h */,
			);
			path = MolWeight;
			sourceTree = "<group>";
		};
		C773290B08CA614200222B5B /* Models */ = {
			isa = PBXGroup;
			children = (
				C747B83909DD5684004837D0 /* MainDocument */,
				C747B83E09DD56A4004837D0 /* LibraryDocument */,
				C747B84109DD56BD004837D0 /* StasticsDocument */,
				C777A2DA0A1DFEE700CF44D9 /* JKMolecule */,
				C73290E80AD68F9800D95E36 /* JKFileWell.h */,
				C73290F30AD68F9800D95E36 /* JKSynchroScrollView.h */,
				C73290F40AD68F9800D95E36 /* JKSynchroScrollView.m */,
			);
			name = Models;
			sourceTree = "<group>";
		};
		C777A2B70A1DFE7D00CF44D9 /* JKPathPopUpButton */ = {
			isa = PBXGroup;
			children = (
				C7F8973E0A188B0D00A65A24 /* JKPathPopUpButton.h */,
				C7F8973F0A188B0D00A65A24 /* JKPathPopUpButton.m */,
			);
			name = JKPathPopUpButton;
			sourceTree = "<group>";
		};
		C777A2C90A1DFEAD00CF44D9 /* JKMoleculeView */ = {
			isa = PBXGroup;
			children = (
				C777A2C30A1DFEA800CF44D9 /* JKMoleculeView.h */,
				C777A2C40A1DFEA800CF44D9 /* JKMoleculeView.m */,
				C7D7D6680B7203AF004ABEB5 /* NSBezierPath+RoundRect.h */,
				C7D7D6690B7203AF004ABEB5 /* NSBezierPath+RoundRect.m */,
			);
			name = JKMoleculeView;
			sourceTree = "<group>";
		};
		C777A2DA0A1DFEE700CF44D9 /* JKMolecule */ = {
			isa = PBXGroup;
			children = (
				C777A2CC0A1DFEE400CF44D9 /* JKAtom.h */,
				C777A2CD0A1DFEE400CF44D9 /* JKAtom.m */,
				C777A2CE0A1DFEE400CF44D9 /* JKBond.h */,
				C777A2CF0A1DFEE400CF44D9 /* JKBond.m */,
				C777A2D00A1DFEE400CF44D9 /* JKMoleculeModel.h */,
				C777A2D10A1DFEE400CF44D9 /* JKMoleculeModel.m */,
			);
			name = JKMolecule;
			sourceTree = "<group>";
		};
		C7834D4E0941F3C2005431CD /* Smart Crash */ = {
			isa = PBXGroup;
			children = (
			);
			name = "Smart Crash";
			sourceTree = "<group>";
		};
		C79A6157094DBE4000C0887E /* RBSplitView */ = {
			isa = PBXGroup;
			children = (
				C79A614F094DBE3A00C0887E /* RBSplitSubview.h */,
				C79A6150094DBE3A00C0887E /* RBSplitSubview.m */,
				C79A6151094DBE3A00C0887E /* RBSplitView.h */,
				C79A6152094DBE3A00C0887E /* RBSplitView.m */,
				C79A6153094DBE3A00C0887E /* RBSplitViewPrivateDefines.h */,
			);
			path = RBSplitView;
			sourceTree = "<group>";
		};
		C7E5B1C50A14930600BB2291 /* BDAlias */ = {
			isa = PBXGroup;
			children = (
				C7E5B1D20A14934200BB2291 /* BDAlias.h */,
				C7E5B1D30A14934200BB2291 /* BDAlias.m */,
			);
			name = BDAlias;
			sourceTree = "<group>";
		};
		C7EB17B00898CF2E007FC2ED /* Icons */ = {
			isa = PBXGroup;
			children = (
				C7A7BB330A9DE5D3005E3778 /* aia_document.icns */,
				C7A7BB320A9DE5D3005E3778 /* andi_document.icns */,
				C7A7BB2E0A9DE5D3005E3778 /* atlas_document.icns */,
				C7A7BB350A9DE5D3005E3778 /* hpchem_document.icns */,
				C7A7BB2D0A9DE5D3005E3778 /* library_document.icns */,
				C7A7BB340A9DE5D3005E3778 /* netcdf_document.icns */,
				C7A7BB360A9DE5D3005E3778 /* peacock_application.icns */,
				C7A7BB300A9DE5D3005E3778 /* peacock_document.icns */,
				C7A7BB310A9DE5D3005E3778 /* peacock_preferences.icns */,
			);
			path = Icons;
			sourceTree = "<group>";
		};
		C7EB17C00898CF2E007FC2ED /* Images */ = {
			isa = PBXGroup;
			children = (
				C799B0A70ACAB30D00D4FCA4 /* Identify Compounds.tiff */,
				C799B0A80ACAB30D00D4FCA4 /* Identify Peaks.tiff */,
				C799B0A90ACAB30D00D4FCA4 /* Identify Baseline.tiff */,
				C7A7BB510A9DE6E0005E3778 /* display.tiff */,
				C7A7BB4D0A9DE6E0005E3778 /* find.icns */,
				C7A7BB4C0A9DE6E0005E3778 /* general.tiff */,
				C7A7BB4B0A9DE6E0005E3778 /* info.icns */,
				C7A7BB530A9DE6E0005E3778 /* layout.tiff */,
				C7A7BB4A0A9DE6E0005E3778 /* processing.tiff */,
				C7A7BB480A9DE6E0005E3778 /* question_mark.tiff */,
				C7A7BB540A9DE6E0005E3778 /* save_document.tiff */,
				C7A7BB4F0A9DE6E0005E3778 /* text.tiff */,
				C7B9BA2C0AA881AE00250EFE /* view.tiff */,
				C7A7BB520A9DE6E0005E3778 /* warning.tiff */,
				C7A7BB500A9DE6E0005E3778 /* zoom.tiff */,
				C7A7BB4E0A9DE6E0005E3778 /* zoom_in.tiff */,
				C7A7BB490A9DE6E0005E3778 /* zoom_out.tiff */,
				C7FBE1E30AB6F1A4000E7EF2 /* presets.png */,
			);
			path = Images;
			sourceTree = "<group>";
		};
		C7EB17F90898CFBC007FC2ED /* Nibs */ = {
			isa = PBXGroup;
			children = (
				C716B4D70AD6ACA400DA408E /* JKGAMLDocument.nib */,
				C7713B35095029C200653D2A /* JKBatchProcess.nib */,
				C7EB17FA0898CFBC007FC2ED /* JKLibrary.nib */,
				C7EB17FB0898CFBD007FC2ED /* JKGCMSDocument.nib */,
				C7EB17FC0898CFBD007FC2ED /* JKMainMenu.nib */,
				C7EB17FD0898CFBD007FC2ED /* JKMolWeight.nib */,
				C7EB17FE0898CFBD007FC2ED /* JKPanel.nib */,
				C7EB17FF0898CFBD007FC2ED /* JKPeakIdentification.nib */,
				C7EB18010898CFBD007FC2ED /* JKPreferences.nib */,
				C7858FE90951E9990083EC22 /* JKStatisticalAnalysis.nib */,
			);
			path = Nibs;
			sourceTree = "<group>";
		};
		C7EB18070898CFBD007FC2ED /* Text */ = {
			isa = PBXGroup;
			children = (
				C70DC019095B205500C2B386 /* Credits.rtf */,
				C7EB180E0898CFBD007FC2ED /* ReadMe.rtf */,
				C7EB180A0898CFBD007FC2ED /* License.rtf */,
				C70DC016095B201200C2B386 /* Localizable.strings */,
				8D15AC360486D014006FF6A4 /* Info.plist */,
				089C165FFE840EACC02AAC07 /* InfoPlist.strings */,
				C7EB180D0898CFBD007FC2ED /* periodic.table */,
			);
			path = Text;
			sourceTree = "<group>";
		};
/* End PBXGroup section */

/* Begin PBXHeadersBuildPhase section */
		C7B3169A0957128D0017ADDC /* Headers */ = {
			isa = PBXHeadersBuildPhase;
			buildActionMask = 2147483647;
			files = (
				C70DB7610957141800C2B386 /* netcdf.h in Headers */,
				C7BC505309A62C930093106E /* JKLog.h in Headers */,
				C720AB8809EA7B6C007EF860 /* jk_statistics.h in Headers */,
				C715DEB40A136AD300348AB5 /* JKGCMSDocument.h in Headers */,
				C7E5B1D70A14934200BB2291 /* BDAlias.h in Headers */,
				C7F897400A188B0D00A65A24 /* JKPathPopUpButton.h in Headers */,
				C777A2C50A1DFEA800CF44D9 /* JKMoleculeView.h in Headers */,
				C777A2D20A1DFEE400CF44D9 /* JKAtom.h in Headers */,
				C777A2D40A1DFEE400CF44D9 /* JKBond.h in Headers */,
				C777A2D60A1DFEE400CF44D9 /* JKMoleculeModel.h in Headers */,
				C729CAA90A4B45CD00FAB04F /* JKDataModelProxy.h in Headers */,
				C73291070AD68F9800D95E36 /* JKFileWell.h in Headers */,
				C73291120AD68F9800D95E36 /* JKSynchroScrollView.h in Headers */,
				C7BDA6C20AF8B40E003513C7 /* FontNameToDisplayNameTransformer.h in Headers */,
				C7F0D0560B11D9030046F994 /* MWController.h in Headers */,
				C7F0D3B30B1497D40046F994 /* NSTableView+Copying.h in Headers */,
				C7E25C060B387C0F00CD8D39 /* JKChromatogram.h in Headers */,
				C7752C380B6778DA0010EE72 /* JKSearchResult.h in Headers */,
				C7D7D66A0B7203B0004ABEB5 /* NSBezierPath+RoundRect.h in Headers */,
				C7C2998A0B8B48CC0017B2B2 /* ArrayEncodingObject.h in Headers */,
				C7C299900B8B4B0F0017B2B2 /* NSKeyedArchiver+CArrayEncoding.h in Headers */,
				C7C29ABD0B8B67540017B2B2 /* NSCoder+CArrayEncoding.h in Headers */,
				C708E90C0B9D953A0085872E /* JKCombinedPeak.h in Headers */,
				C79281D30B9F1CC100EDF996 /* NSEvent+ModifierKeys.h in Headers */,
			);
			runOnlyForDeploymentPostprocessing = 0;
		};
/* End PBXHeadersBuildPhase section */

/* Begin PBXNativeTarget section */
		8D15AC270486D014006FF6A4 /* Peacock */ = {
			isa = PBXNativeTarget;
			buildConfigurationList = C7EB179C0898CF22007FC2ED /* Build configuration list for PBXNativeTarget "Peacock" */;
			buildPhases = (
				8D15AC2B0486D014006FF6A4 /* Resources */,
				8D15AC300486D014006FF6A4 /* Sources */,
				8D15AC330486D014006FF6A4 /* Frameworks */,
				C7B3169A0957128D0017ADDC /* Headers */,
				C70DB76E0957146D00C2B386 /* CopyFiles */,
				C724D13B0AA6E9B400EDC6D9 /* ShellScript */,
			);
			buildRules = (
			);
			dependencies = (
			);
			name = Peacock;
			productInstallPath = "$(HOME)/Applications";
			productName = Peacock;
			productReference = 8D15AC370486D014006FF6A4 /* Peacock.app */;
			productType = "com.apple.product-type.application";
		};
		C72C84FF098BE74300CEF565 /* Unit Testing */ = {
			isa = PBXNativeTarget;
			buildConfigurationList = C72C8502098BE74500CEF565 /* Build configuration list for PBXNativeTarget "Unit Testing" */;
			buildPhases = (
				C72C84FB098BE74300CEF565 /* Resources */,
				C72C84FC098BE74300CEF565 /* Sources */,
				C72C84FD098BE74300CEF565 /* Frameworks */,
				C72C84FE098BE74300CEF565 /* ShellScript */,
			);
			buildRules = (
			);
			dependencies = (
				C72C8533098BEAD500CEF565 /* PBXTargetDependency */,
			);
			name = "Unit Testing";
			productName = "Unit Testing";
			productReference = C72C8500098BE74300CEF565 /* Unit Testing.octest */;
			productType = "com.apple.product-type.bundle";
		};
/* End PBXNativeTarget section */

/* Begin PBXProject section */
		2A37F4A9FDCFA73011CA2CEA /* Project object */ = {
			isa = PBXProject;
			buildConfigurationList = C7EB17A00898CF22007FC2ED /* Build configuration list for PBXProject "Peacock" */;
			hasScannedForEncodings = 1;
			mainGroup = 2A37F4AAFDCFA73011CA2CEA /* Peacock */;
			projectDirPath = "";
			targets = (
				8D15AC270486D014006FF6A4 /* Peacock */,
				C72C84FF098BE74300CEF565 /* Unit Testing */,
			);
		};
/* End PBXProject section */

/* Begin PBXResourcesBuildPhase section */
		8D15AC2B0486D014006FF6A4 /* Resources */ = {
			isa = PBXResourcesBuildPhase;
			buildActionMask = 2147483647;
			files = (
				C70DC01A095B205500C2B386 /* Credits.rtf in Resources */,
				8D15AC2F0486D014006FF6A4 /* InfoPlist.strings in Resources */,
				C7EB181A0898CFBD007FC2ED /* JKLibrary.nib in Resources */,
				C7EB181B0898CFBD007FC2ED /* JKGCMSDocument.nib in Resources */,
				C7EB181C0898CFBD007FC2ED /* JKMainMenu.nib in Resources */,
				C7EB181E0898CFBD007FC2ED /* JKPanel.nib in Resources */,
				C7EB18210898CFBD007FC2ED /* JKPreferences.nib in Resources */,
				C7EB182B0898CFBD007FC2ED /* periodic.table in Resources */,
				C7713B36095029C200653D2A /* JKBatchProcess.nib in Resources */,
				C7858FEA0951E9990083EC22 /* JKStatisticalAnalysis.nib in Resources */,
				C70DC017095B201200C2B386 /* Localizable.strings in Resources */,
				C77C585A09801145002E7796 /* Peacock Help in Resources */,
				C7C21FC60A5060E2006E82FD /* Peacock.sdef in Resources */,
				C7A7BB370A9DE5D3005E3778 /* library_document.icns in Resources */,
				C7A7BB380A9DE5D3005E3778 /* atlas_document.icns in Resources */,
				C7A7BB3A0A9DE5D3005E3778 /* peacock_document.icns in Resources */,
				C7A7BB3B0A9DE5D3005E3778 /* peacock_preferences.icns in Resources */,
				C7A7BB3C0A9DE5D3005E3778 /* andi_document.icns in Resources */,
				C7A7BB3D0A9DE5D3005E3778 /* aia_document.icns in Resources */,
				C7A7BB3E0A9DE5D3005E3778 /* netcdf_document.icns in Resources */,
				C7A7BB3F0A9DE5D3005E3778 /* hpchem_document.icns in Resources */,
				C7A7BB400A9DE5D3005E3778 /* peacock_application.icns in Resources */,
				C7A7BB550A9DE6E0005E3778 /* question_mark.tiff in Resources */,
				C7A7BB560A9DE6E0005E3778 /* zoom_out.tiff in Resources */,
				C7A7BB570A9DE6E0005E3778 /* processing.tiff in Resources */,
				C7A7BB580A9DE6E0005E3778 /* info.icns in Resources */,
				C7A7BB590A9DE6E0005E3778 /* general.tiff in Resources */,
				C7A7BB5A0A9DE6E0005E3778 /* find.icns in Resources */,
				C7A7BB5B0A9DE6E0005E3778 /* zoom_in.tiff in Resources */,
				C7A7BB5C0A9DE6E0005E3778 /* text.tiff in Resources */,
				C7A7BB5D0A9DE6E0005E3778 /* zoom.tiff in Resources */,
				C7A7BB5E0A9DE6E0005E3778 /* display.tiff in Resources */,
				C7A7BB5F0A9DE6E0005E3778 /* warning.tiff in Resources */,
				C7A7BB600A9DE6E0005E3778 /* layout.tiff in Resources */,
				C7A7BB610A9DE6E0005E3778 /* save_document.tiff in Resources */,
				C7B9BA2D0AA881AE00250EFE /* view.tiff in Resources */,
				C7FBE1E40AB6F1A4000E7EF2 /* presets.png in Resources */,
				C747ED350ABF43C6001F98AF /* Peacock Test Files in Resources */,
				C799B0AA0ACAB30D00D4FCA4 /* Identify Compounds.tiff in Resources */,
				C799B0AB0ACAB30D00D4FCA4 /* Identify Peaks.tiff in Resources */,
				C799B0AC0ACAB30D00D4FCA4 /* Identify Baseline.tiff in Resources */,
				C716B4DD0AD6ACA500DA408E /* JKGAMLDocument.nib in Resources */,
			);
			runOnlyForDeploymentPostprocessing = 0;
		};
		C72C84FB098BE74300CEF565 /* Resources */ = {
			isa = PBXResourcesBuildPhase;
			buildActionMask = 2147483647;
			files = (
			);
			runOnlyForDeploymentPostprocessing = 0;
		};
/* End PBXResourcesBuildPhase section */

/* Begin PBXShellScriptBuildPhase section */
		C724D13B0AA6E9B400EDC6D9 /* ShellScript */ = {
			isa = PBXShellScriptBuildPhase;
			buildActionMask = 2147483647;
			comments = "Script to put the svnversion in the about box.";
			files = (
			);
			inputPaths = (
			);
			outputPaths = (
			);
			runOnlyForDeploymentPostprocessing = 0;
			shellPath = "/usr/bin/perl -w";
			shellScript = "# Xcode auto-versioning script for Subversion\n# by Axel Andersson, modified by Daniel Jalkut to add\n# \"--revision HEAD\" to the svn info line, which allows\n# the latest revision to always be used.\n\nuse strict;\n\ndie \"$0: Must be run from Xcode\" unless $ENV{\"BUILT_PRODUCTS_DIR\"};\n\n# Get the current subversion revision number and use it to set the CFBundleVersion value\nmy $REV = `/usr/local/bin/svnversion -n ./`;\nmy $INFO = \"$ENV{BUILT_PRODUCTS_DIR}/$ENV{WRAPPER_NAME}/Contents/Info.plist\";\n\nmy $version = $REV;\n\n# (Match the last group of digits and optional letter M/S):\n\n# ugly yet functional (barely) regex by Daniel Jalkut:\n#$version =~ s/([\\d]*:)(\\d)+[M|S]*.*/$2/;\n\n# better yet still functional regex via Kevin \"Regex Nerd\" Ballard\n($version =~ m/\\d+[MS]*$/) && ($version = $&);\n\ndie \"$0: No Subversion revision found $version $REV\" unless $version;\n\nopen(FH, \"$INFO\") or die \"$0: $INFO: $!\";\nmy $info = join(\"\", <FH>);\nclose(FH);\n\n$info =~ s/([\\t ]+<key>CFBundleVersion<\\/key>\\n[\\t ]+<string>).*?(<\\/string>)/$1$version$2/;\n\nopen(FH, \">$INFO\") or die \"$0: $INFO: $!\";\nprint FH $info;\nclose(FH);";
		};
		C72C84FE098BE74300CEF565 /* ShellScript */ = {
			isa = PBXShellScriptBuildPhase;
			buildActionMask = 2147483647;
			files = (
			);
			inputPaths = (
			);
			outputPaths = (
			);
			runOnlyForDeploymentPostprocessing = 0;
			shellPath = /bin/sh;
			shellScript = "# Run the unit tests in this test bundle.\n\"${SYSTEM_DEVELOPER_DIR}/Tools/RunUnitTests\"\n";
		};
/* End PBXShellScriptBuildPhase section */

/* Begin PBXSourcesBuildPhase section */
		8D15AC300486D014006FF6A4 /* Sources */ = {
			isa = PBXSourcesBuildPhase;
			buildActionMask = 2147483647;
			files = (
				8D15AC320486D014006FF6A4 /* main.m in Sources */,
				C7EB18160898CFBD007FC2ED /* MolTypes.c in Sources */,
				C7EB18170898CFBD007FC2ED /* MWController.m in Sources */,
				C7EB18180898CFBD007FC2ED /* MyGraphDataSerie.m in Sources */,
				C7EB18190898CFBD007FC2ED /* MyGraphView.m in Sources */,
				C7EB18470898D1C8007FC2ED /* CAtom.m in Sources */,
				C7EB18480898D1CB007FC2ED /* CFragment.m in Sources */,
				C7EB18490898D1CC007FC2ED /* CMutableArray.m in Sources */,
				C7EB184A0898D1CD007FC2ED /* JKAppDelegate.m in Sources */,
				C7EB184D0898D1CF007FC2ED /* JKLibrary.m in Sources */,
				C7EB184F0898D1D0007FC2ED /* JKLibraryWindowController.m in Sources */,
				C7EB18510898D1D2007FC2ED /* JKMainWindowController.m in Sources */,
				C7EB18520898D1D2007FC2ED /* JKPanelController.m in Sources */,
				C7EB18570898D1D6007FC2ED /* JKPreferencesWindowController.m in Sources */,
				C7EB18580898D1D7007FC2ED /* JKSpectrum.m in Sources */,
				C7AD34C908AFA20800A0F4BE /* JKPeakRecord.m in Sources */,
				C7AD38AD08B2A0D600A0F4BE /* FilteringDNDArrayController.m in Sources */,
				C773669808E02D87002B72F1 /* ChromatogramGraphDataSerie.m in Sources */,
				C773669908E02D88002B72F1 /* SpectrumGraphDataSerie.m in Sources */,
				C798C9EA08E17B5400C6C7D1 /* DeleteTableView.m in Sources */,
				C7F5E8F508EAA98600AC1068 /* JKLibraryEntry.m in Sources */,
				C79A6154094DBE3A00C0887E /* RBSplitSubview.m in Sources */,
				C79A6155094DBE3A00C0887E /* RBSplitView.m in Sources */,
				C7713B430950368F00653D2A /* JKBatchProcessWindowController.m in Sources */,
				C70DB8EE09573BEA00C2B386 /* JKRatio.m in Sources */,
				C7BC505409A62C930093106E /* JKLog.m in Sources */,
				C720AB8909EA7B6C007EF860 /* jk_statistics.c in Sources */,
				C715DECF0A136B2F00348AB5 /* JKGCMSDocument.m in Sources */,
				C7E5B1D80A14934200BB2291 /* BDAlias.m in Sources */,
				C7F897410A188B0D00A65A24 /* JKPathPopUpButton.m in Sources */,
				C777A2C60A1DFEA800CF44D9 /* JKMoleculeView.m in Sources */,
				C777A2D30A1DFEE400CF44D9 /* JKAtom.m in Sources */,
				C777A2D50A1DFEE400CF44D9 /* JKBond.m in Sources */,
				C777A2D70A1DFEE400CF44D9 /* JKMoleculeModel.m in Sources */,
				C729CAAA0A4B45CD00FAB04F /* JKDataModelProxy.m in Sources */,
				C73291130AD68F9800D95E36 /* JKSynchroScrollView.m in Sources */,
				C7BDA6C10AF8B40E003513C7 /* FontNameToDisplayNameTransformer.m in Sources */,
				C7F0D3B40B1497D40046F994 /* NSTableView+Copying.m in Sources */,
				C7F0D6C50B1732C60046F994 /* JKStatisticsWindowController.m in Sources */,
				C7F0D6C60B1732CD0046F994 /* JKStatisticsDocument.m in Sources */,
				C7E25C070B387C0F00CD8D39 /* JKChromatogram.m in Sources */,
				C7752C390B6778DA0010EE72 /* JKSearchResult.m in Sources */,
				C7D7D66B0B7203B0004ABEB5 /* NSBezierPath+RoundRect.m in Sources */,
				C7C2998B0B8B48CC0017B2B2 /* ArrayEncodingObject.m in Sources */,
				C7C299910B8B4B0F0017B2B2 /* NSKeyedArchiver+CArrayEncoding.m in Sources */,
				C7C29ABE0B8B67540017B2B2 /* NSCoder+CArrayEncoding.m in Sources */,
				C708E90D0B9D953A0085872E /* JKCombinedPeak.m in Sources */,
				C79281D40B9F1CC200EDF996 /* NSEvent+ModifierKeys.m in Sources */,
			);
			runOnlyForDeploymentPostprocessing = 0;
		};
		C72C84FC098BE74300CEF565 /* Sources */ = {
			isa = PBXSourcesBuildPhase;
			buildActionMask = 2147483647;
			files = (
				C72C8509098BE83600CEF565 /* JKSpectrumTest.m in Sources */,
				C72C85D7098BF1B800CEF565 /* JKGeneralTesting.m in Sources */,
				C73533D20B7A703C00F7634B /* JKChromatogramTest.m in Sources */,
			);
			runOnlyForDeploymentPostprocessing = 0;
		};
/* End PBXSourcesBuildPhase section */

/* Begin PBXTargetDependency section */
		C72C8533098BEAD500CEF565 /* PBXTargetDependency */ = {
			isa = PBXTargetDependency;
			target = 8D15AC270486D014006FF6A4 /* Peacock */;
			targetProxy = C72C8532098BEAD500CEF565 /* PBXContainerItemProxy */;
		};
/* End PBXTargetDependency section */

/* Begin PBXVariantGroup section */
		089C165FFE840EACC02AAC07 /* InfoPlist.strings */ = {
			isa = PBXVariantGroup;
			children = (
				089C1660FE840EACC02AAC07 /* English */,
			);
			name = InfoPlist.strings;
			path = ..;
			sourceTree = "<group>";
		};
		C70DC016095B201200C2B386 /* Localizable.strings */ = {
			isa = PBXVariantGroup;
			children = (
				C70DC00F095B1FDB00C2B386 /* English */,
			);
			name = Localizable.strings;
			sourceTree = "<group>";
		};
		C70DC019095B205500C2B386 /* Credits.rtf */ = {
			isa = PBXVariantGroup;
			children = (
				2A37F4BAFDCFA73011CA2CEA /* English */,
			);
			name = Credits.rtf;
			sourceTree = "<group>";
		};
		C77C582F09800FAD002E7796 /* Peacock Help */ = {
			isa = PBXVariantGroup;
			children = (
				C77C583009800FAD002E7796 /* English */,
			);
			name = "Peacock Help";
			sourceTree = "<group>";
		};
/* End PBXVariantGroup section */

/* Begin XCBuildConfiguration section */
		C716FFE909F64F8800E05AC4 /* Performance */ = {
			isa = XCBuildConfiguration;
			buildSettings = {
				ARCHS = (
					"<Multiple",
					"values>",
					ppc,
					i386,
				);
				DEAD_CODE_STRIPPING = YES;
				FRAMEWORK_SEARCH_PATHS = (
					"$(FRAMEWORK_SEARCH_PATHS)",
					"$(SRCROOT)",
				);
				GCC_PREFIX_HEADER = Peacock_Prefix.pch;
				INFOPLIST_FILE = Info.plist;
				PRODUCT_NAME = Peacock;
				WRAPPER_EXTENSION = app;
			};
			name = Performance;
		};
		C716FFEA09F64F8800E05AC4 /* Performance */ = {
			isa = XCBuildConfiguration;
			buildSettings = {
				BUNDLE_LOADER = "$(BUILT_PRODUCTS_DIR)/Peacock.app/Contents/MacOS/Peacock";
				COPY_PHASE_STRIP = YES;
				GCC_ENABLE_FIX_AND_CONTINUE = NO;
				GCC_ENABLE_OBJC_EXCEPTIONS = YES;
				GCC_GENERATE_DEBUGGING_SYMBOLS = NO;
				GCC_MODEL_TUNING = G5;
				GCC_PRECOMPILE_PREFIX_HEADER = YES;
				GCC_PREFIX_HEADER = "$(SYSTEM_LIBRARY_DIR)/Frameworks/Cocoa.framework/Headers/Cocoa.h";
				INFOPLIST_FILE = "Unit Testing-Info.plist";
				INSTALL_PATH = "$(USER_LIBRARY_DIR)/Bundles";
				OTHER_LDFLAGS = (
					"-framework",
					Cocoa,
					"-framework",
					SenTestingKit,
				);
				PREBINDING = NO;
				PRODUCT_NAME = "Unit Testing";
				TEST_HOST = "$(BUNDLE_LOADER)";
				WRAPPER_EXTENSION = octest;
				ZERO_LINK = NO;
			};
			name = Performance;
		};
		C716FFEB09F64F8800E05AC4 /* Performance */ = {
			isa = XCBuildConfiguration;
			buildSettings = {
				ARCHS = (
					ppc,
					i386,
				);
				DEAD_CODE_STRIPPING = NO;
				FRAMEWORK_SEARCH_PATHS = (
					"$(FRAMEWORK_SEARCH_PATHS)",
					"$(SRCROOT)",
					"$(SRCROOT)/Frameworks",
				);
				GCC_DEBUGGING_SYMBOLS = full;
				GCC_ENABLE_OBJC_EXCEPTIONS = YES;
				GCC_GENERATE_DEBUGGING_SYMBOLS = YES;
				GCC_WARN_ABOUT_MISSING_NEWLINE = YES;
				GCC_WARN_ABOUT_MISSING_PROTOTYPES = YES;
				GCC_WARN_ABOUT_RETURN_TYPE = YES;
				GCC_WARN_CHECK_SWITCH_STATEMENTS = YES;
				GCC_WARN_MISSING_PARENTHESES = YES;
				GCC_WARN_NON_VIRTUAL_DESTRUCTOR = YES;
				GCC_WARN_SHADOW = NO;
				GCC_WARN_SIGN_COMPARE = NO;
				GCC_WARN_UNUSED_FUNCTION = YES;
				GCC_WARN_UNUSED_LABEL = YES;
				GCC_WARN_UNUSED_PARAMETER = NO;
				GCC_WARN_UNUSED_VALUE = YES;
				GCC_WARN_UNUSED_VARIABLE = YES;
				HEADER_SEARCH_PATHS = "$(SRCROOT)/Frameworks";
				LIBRARY_SEARCH_PATHS = (
					"$(SRCROOT)/Frameworks",
					"$(SRCROOT)",
				);
				MACOSX_DEPLOYMENT_TARGET = 10.4;
				PREBINDING = NO;
				SDKROOT = /Developer/SDKs/MacOSX10.4u.sdk;
				ZERO_LINK = NO;
			};
			name = Performance;
		};
		C72C8503098BE74500CEF565 /* Debug */ = {
			isa = XCBuildConfiguration;
			buildSettings = {
				BUNDLE_LOADER = "$(BUILT_PRODUCTS_DIR)/Peacock.app/Contents/MacOS/Peacock";
				COPY_PHASE_STRIP = NO;
				GCC_DYNAMIC_NO_PIC = NO;
				GCC_ENABLE_FIX_AND_CONTINUE = NO;
				GCC_ENABLE_OBJC_EXCEPTIONS = YES;
				GCC_GENERATE_DEBUGGING_SYMBOLS = YES;
				GCC_MODEL_TUNING = G5;
				GCC_OPTIMIZATION_LEVEL = 0;
				GCC_PRECOMPILE_PREFIX_HEADER = YES;
				GCC_PREFIX_HEADER = "$(SYSTEM_LIBRARY_DIR)/Frameworks/Cocoa.framework/Headers/Cocoa.h";
				INFOPLIST_FILE = "Unit Testing-Info.plist";
				INSTALL_PATH = "$(USER_LIBRARY_DIR)/Bundles";
				OTHER_LDFLAGS = (
					"-framework",
					Cocoa,
					"-framework",
					SenTestingKit,
				);
				PREBINDING = NO;
				PRODUCT_NAME = "Unit Testing";
				TEST_HOST = "$(BUNDLE_LOADER)";
				WRAPPER_EXTENSION = octest;
				ZERO_LINK = NO;
			};
			name = Debug;
		};
		C72C8504098BE74500CEF565 /* Release */ = {
			isa = XCBuildConfiguration;
			buildSettings = {
				BUNDLE_LOADER = "$(BUILT_PRODUCTS_DIR)/Peacock.app/Contents/MacOS/Peacock";
				COPY_PHASE_STRIP = YES;
				GCC_ENABLE_FIX_AND_CONTINUE = NO;
				GCC_ENABLE_OBJC_EXCEPTIONS = YES;
				GCC_GENERATE_DEBUGGING_SYMBOLS = NO;
				GCC_MODEL_TUNING = G5;
				GCC_PRECOMPILE_PREFIX_HEADER = YES;
				GCC_PREFIX_HEADER = "$(SYSTEM_LIBRARY_DIR)/Frameworks/Cocoa.framework/Headers/Cocoa.h";
				INFOPLIST_FILE = "Unit Testing-Info.plist";
				INSTALL_PATH = "$(USER_LIBRARY_DIR)/Bundles";
				OTHER_LDFLAGS = (
					"-framework",
					Cocoa,
					"-framework",
					SenTestingKit,
				);
				PREBINDING = NO;
				PRODUCT_NAME = "Unit Testing";
				TEST_HOST = "$(BUNDLE_LOADER)";
				WRAPPER_EXTENSION = octest;
				ZERO_LINK = NO;
			};
			name = Release;
		};
		C787C16C0A6415C7008C9AF6 /* Debug + extra error checking */ = {
			isa = XCBuildConfiguration;
			buildSettings = {
				ARCHS = (
					"<Multiple",
					"values>",
					ppc,
				);
				FRAMEWORK_SEARCH_PATHS = (
					"$(FRAMEWORK_SEARCH_PATHS)",
					"$(SRCROOT)",
				);
				GCC_C_LANGUAGE_STANDARD = gnu99;
				GCC_PRECOMPILE_PREFIX_HEADER = YES;
				GCC_PREFIX_HEADER = Peacock_Prefix.pch;
				GCC_WARN_PEDANTIC = YES;
				INFOPLIST_FILE = Info.plist;
				PRODUCT_NAME = Peacock;
				WARNING_CFLAGS = (
					"-Wall",
					"-Wextra",
					"-Wfloat-equal",
					"-Wunreachable-code",
				);
				WRAPPER_EXTENSION = app;
			};
			name = "Debug + extra error checking";
		};
		C787C16D0A6415C7008C9AF6 /* Debug + extra error checking */ = {
			isa = XCBuildConfiguration;
			buildSettings = {
				BUNDLE_LOADER = "$(BUILT_PRODUCTS_DIR)/Peacock.app/Contents/MacOS/Peacock";
				COPY_PHASE_STRIP = NO;
				GCC_DYNAMIC_NO_PIC = NO;
				GCC_ENABLE_FIX_AND_CONTINUE = NO;
				GCC_ENABLE_OBJC_EXCEPTIONS = YES;
				GCC_GENERATE_DEBUGGING_SYMBOLS = YES;
				GCC_MODEL_TUNING = G5;
				GCC_OPTIMIZATION_LEVEL = 0;
				GCC_PRECOMPILE_PREFIX_HEADER = YES;
				GCC_PREFIX_HEADER = "$(SYSTEM_LIBRARY_DIR)/Frameworks/Cocoa.framework/Headers/Cocoa.h";
				INFOPLIST_FILE = "Unit Testing-Info.plist";
				INSTALL_PATH = "$(USER_LIBRARY_DIR)/Bundles";
				OTHER_LDFLAGS = (
					"-framework",
					Cocoa,
					"-framework",
					SenTestingKit,
				);
				PREBINDING = NO;
				PRODUCT_NAME = "Unit Testing";
				TEST_HOST = "$(BUNDLE_LOADER)";
				WRAPPER_EXTENSION = octest;
				ZERO_LINK = NO;
			};
			name = "Debug + extra error checking";
		};
		C787C16E0A6415C7008C9AF6 /* Debug + extra error checking */ = {
			isa = XCBuildConfiguration;
			buildSettings = {
				COPY_PHASE_STRIP = NO;
				FRAMEWORK_SEARCH_PATHS = (
					"$(FRAMEWORK_SEARCH_PATHS)",
					"$(SRCROOT)",
					"$(SRCROOT)/Frameworks",
				);
				GCC_ENABLE_FIX_AND_CONTINUE = YES;
				GCC_ENABLE_OBJC_EXCEPTIONS = YES;
				GCC_OPTIMIZATION_LEVEL = 2;
				GCC_WARN_ABOUT_MISSING_NEWLINE = YES;
				GCC_WARN_ABOUT_MISSING_PROTOTYPES = YES;
				GCC_WARN_ABOUT_RETURN_TYPE = YES;
				GCC_WARN_CHECK_SWITCH_STATEMENTS = YES;
				GCC_WARN_MISSING_PARENTHESES = YES;
				GCC_WARN_NON_VIRTUAL_DESTRUCTOR = YES;
				GCC_WARN_SHADOW = NO;
				GCC_WARN_SIGN_COMPARE = NO;
				GCC_WARN_UNUSED_FUNCTION = YES;
				GCC_WARN_UNUSED_LABEL = YES;
				GCC_WARN_UNUSED_PARAMETER = NO;
				GCC_WARN_UNUSED_VALUE = YES;
				GCC_WARN_UNUSED_VARIABLE = YES;
				HEADER_SEARCH_PATHS = "$(SRCROOT)/Frameworks";
				LIBRARY_SEARCH_PATHS = (
					"$(SRCROOT)/Frameworks",
					"$(SRCROOT)",
				);
				MACOSX_DEPLOYMENT_TARGET = 10.4;
				PREBINDING = NO;
				SDKROOT = /Developer/SDKs/MacOSX10.4u.sdk;
				ZERO_LINK = NO;
			};
			name = "Debug + extra error checking";
		};
		C7EB179D0898CF22007FC2ED /* Debug */ = {
			isa = XCBuildConfiguration;
			buildSettings = {
				ARCHS = (
					"<Multiple",
					"values>",
					ppc,
				);
				FRAMEWORK_SEARCH_PATHS = (
					"$(FRAMEWORK_SEARCH_PATHS)",
					"$(SRCROOT)",
				);
				GCC_PRECOMPILE_PREFIX_HEADER = YES;
				GCC_PREFIX_HEADER = Peacock_Prefix.pch;
				INFOPLIST_FILE = Info.plist;
				PRODUCT_NAME = Peacock;
				WRAPPER_EXTENSION = app;
			};
			name = Debug;
		};
		C7EB179E0898CF22007FC2ED /* Release */ = {
			isa = XCBuildConfiguration;
			buildSettings = {
				ARCHS = (
					"<Multiple",
					"values>",
					ppc,
					i386,
				);
				DEAD_CODE_STRIPPING = YES;
				FRAMEWORK_SEARCH_PATHS = (
					"$(FRAMEWORK_SEARCH_PATHS)",
					"$(SRCROOT)",
				);
				GCC_PREFIX_HEADER = Peacock_Prefix.pch;
				INFOPLIST_FILE = Info.plist;
				PRODUCT_NAME = Peacock;
				WRAPPER_EXTENSION = app;
			};
			name = Release;
		};
		C7EB17A10898CF22007FC2ED /* Debug */ = {
			isa = XCBuildConfiguration;
			buildSettings = {
				COPY_PHASE_STRIP = NO;
				FRAMEWORK_SEARCH_PATHS = (
					"$(FRAMEWORK_SEARCH_PATHS)",
					"$(SRCROOT)",
					"$(SRCROOT)/Frameworks",
				);
				GCC_C_LANGUAGE_STANDARD = gnu99;
				GCC_ENABLE_FIX_AND_CONTINUE = YES;
				GCC_ENABLE_OBJC_EXCEPTIONS = YES;
				GCC_OPTIMIZATION_LEVEL = 2;
				GCC_WARN_ABOUT_MISSING_NEWLINE = YES;
				GCC_WARN_ABOUT_MISSING_PROTOTYPES = YES;
				GCC_WARN_ABOUT_RETURN_TYPE = YES;
				GCC_WARN_CHECK_SWITCH_STATEMENTS = YES;
				GCC_WARN_MISSING_PARENTHESES = YES;
				GCC_WARN_NON_VIRTUAL_DESTRUCTOR = YES;
				GCC_WARN_SHADOW = NO;
				GCC_WARN_SIGN_COMPARE = NO;
				GCC_WARN_UNUSED_FUNCTION = YES;
				GCC_WARN_UNUSED_LABEL = YES;
				GCC_WARN_UNUSED_PARAMETER = NO;
				GCC_WARN_UNUSED_VALUE = YES;
				GCC_WARN_UNUSED_VARIABLE = YES;
				HEADER_SEARCH_PATHS = "$(SRCROOT)/Frameworks";
				LIBRARY_SEARCH_PATHS = (
					"$(SRCROOT)/Frameworks",
					"$(SRCROOT)",
				);
				MACOSX_DEPLOYMENT_TARGET = 10.4;
				PREBINDING = NO;
				SDKROOT = /Developer/SDKs/MacOSX10.4u.sdk;
				ZERO_LINK = NO;
			};
			name = Debug;
		};
		C7EB17A20898CF22007FC2ED /* Release */ = {
			isa = XCBuildConfiguration;
			buildSettings = {
				ARCHS = (
					ppc,
					i386,
				);
				DEAD_CODE_STRIPPING = YES;
				FRAMEWORK_SEARCH_PATHS = (
					"$(FRAMEWORK_SEARCH_PATHS)",
					"$(SRCROOT)",
					"$(SRCROOT)/Frameworks",
				);
				GCC_DEBUGGING_SYMBOLS = full;
				GCC_ENABLE_OBJC_EXCEPTIONS = YES;
				GCC_GENERATE_DEBUGGING_SYMBOLS = NO;
				GCC_WARN_ABOUT_MISSING_NEWLINE = YES;
				GCC_WARN_ABOUT_MISSING_PROTOTYPES = YES;
				GCC_WARN_ABOUT_RETURN_TYPE = YES;
				GCC_WARN_CHECK_SWITCH_STATEMENTS = YES;
				GCC_WARN_MISSING_PARENTHESES = YES;
				GCC_WARN_NON_VIRTUAL_DESTRUCTOR = YES;
				GCC_WARN_SHADOW = NO;
				GCC_WARN_SIGN_COMPARE = NO;
				GCC_WARN_UNUSED_FUNCTION = YES;
				GCC_WARN_UNUSED_LABEL = YES;
				GCC_WARN_UNUSED_PARAMETER = NO;
				GCC_WARN_UNUSED_VALUE = YES;
				GCC_WARN_UNUSED_VARIABLE = YES;
				HEADER_SEARCH_PATHS = "$(SRCROOT)/Frameworks";
				LIBRARY_SEARCH_PATHS = (
					"$(SRCROOT)/Frameworks",
					"$(SRCROOT)",
				);
				MACOSX_DEPLOYMENT_TARGET = 10.4;
				PREBINDING = NO;
				SDKROOT = /Developer/SDKs/MacOSX10.4u.sdk;
				ZERO_LINK = NO;
			};
			name = Release;
		};
/* End XCBuildConfiguration section */

/* Begin XCConfigurationList section */
		C72C8502098BE74500CEF565 /* Build configuration list for PBXNativeTarget "Unit Testing" */ = {
			isa = XCConfigurationList;
			buildConfigurations = (
				C72C8503098BE74500CEF565 /* Debug */,
				C787C16D0A6415C7008C9AF6 /* Debug + extra error checking */,
				C72C8504098BE74500CEF565 /* Release */,
				C716FFEA09F64F8800E05AC4 /* Performance */,
			);
			defaultConfigurationIsVisible = 0;
			defaultConfigurationName = Debug;
		};
		C7EB179C0898CF22007FC2ED /* Build configuration list for PBXNativeTarget "Peacock" */ = {
			isa = XCConfigurationList;
			buildConfigurations = (
				C7EB179D0898CF22007FC2ED /* Debug */,
				C787C16C0A6415C7008C9AF6 /* Debug + extra error checking */,
				C7EB179E0898CF22007FC2ED /* Release */,
				C716FFE909F64F8800E05AC4 /* Performance */,
			);
			defaultConfigurationIsVisible = 0;
			defaultConfigurationName = Debug;
		};
		C7EB17A00898CF22007FC2ED /* Build configuration list for PBXProject "Peacock" */ = {
			isa = XCConfigurationList;
			buildConfigurations = (
				C7EB17A10898CF22007FC2ED /* Debug */,
				C787C16E0A6415C7008C9AF6 /* Debug + extra error checking */,
				C7EB17A20898CF22007FC2ED /* Release */,
				C716FFEB09F64F8800E05AC4 /* Performance */,
			);
			defaultConfigurationIsVisible = 0;
			defaultConfigurationName = Debug;
		};
/* End XCConfigurationList section */
	};
	rootObject = 2A37F4A9FDCFA73011CA2CEA /* Project object */;
}
